// !$*UTF8*$!
{
	archiveVersion = 1;
	classes = {
	};
	objectVersion = 44;
	objects = {

/* Begin PBXBuildFile section */
		46886B4911477DDB000BC887 /* FsprgEmbeddedStore.h in Headers */ = {isa = PBXBuildFile; fileRef = 46886B3F11477DDA000BC887 /* FsprgEmbeddedStore.h */; settings = {ATTRIBUTES = (Public, ); }; };
		46886B4A11477DDB000BC887 /* FsprgEmbeddedStoreController.h in Headers */ = {isa = PBXBuildFile; fileRef = 46886B4011477DDA000BC887 /* FsprgEmbeddedStoreController.h */; settings = {ATTRIBUTES = (Public, ); }; };
		46886B4B11477DDB000BC887 /* FsprgEmbeddedStoreController.m in Sources */ = {isa = PBXBuildFile; fileRef = 46886B4111477DDA000BC887 /* FsprgEmbeddedStoreController.m */; };
		46886B4D11477DDB000BC887 /* FsprgOrderView.h in Headers */ = {isa = PBXBuildFile; fileRef = 46886B4311477DDA000BC887 /* FsprgOrderView.h */; };
		46886B4E11477DDB000BC887 /* FsprgOrderView.m in Sources */ = {isa = PBXBuildFile; fileRef = 46886B4411477DDA000BC887 /* FsprgOrderView.m */; };
		46886B4F11477DDB000BC887 /* FsprgOrderDocumentRepresentation.h in Headers */ = {isa = PBXBuildFile; fileRef = 46886B4511477DDA000BC887 /* FsprgOrderDocumentRepresentation.h */; };
		46886B5011477DDB000BC887 /* FsprgOrderDocumentRepresentation.m in Sources */ = {isa = PBXBuildFile; fileRef = 46886B4611477DDA000BC887 /* FsprgOrderDocumentRepresentation.m */; };
		46886B5111477DDB000BC887 /* FsprgStoreParameters.h in Headers */ = {isa = PBXBuildFile; fileRef = 46886B4711477DDB000BC887 /* FsprgStoreParameters.h */; settings = {ATTRIBUTES = (Public, ); }; };
		46886B5211477DDB000BC887 /* FsprgStoreParameters.m in Sources */ = {isa = PBXBuildFile; fileRef = 46886B4811477DDB000BC887 /* FsprgStoreParameters.m */; };
		46886B5F11477DF4000BC887 /* FsprgOrder.h in Headers */ = {isa = PBXBuildFile; fileRef = 46886B5511477DF4000BC887 /* FsprgOrder.h */; settings = {ATTRIBUTES = (Public, ); }; };
		46886B6011477DF4000BC887 /* FsprgOrder.m in Sources */ = {isa = PBXBuildFile; fileRef = 46886B5611477DF4000BC887 /* FsprgOrder.m */; };
		46886B6111477DF4000BC887 /* FsprgOrderItem.h in Headers */ = {isa = PBXBuildFile; fileRef = 46886B5711477DF4000BC887 /* FsprgOrderItem.h */; settings = {ATTRIBUTES = (Public, ); }; };
		46886B6211477DF4000BC887 /* FsprgOrderItem.m in Sources */ = {isa = PBXBuildFile; fileRef = 46886B5811477DF4000BC887 /* FsprgOrderItem.m */; };
		46886B6311477DF4000BC887 /* FsprgFulfillment.h in Headers */ = {isa = PBXBuildFile; fileRef = 46886B5911477DF4000BC887 /* FsprgFulfillment.h */; settings = {ATTRIBUTES = (Public, ); }; };
		46886B6411477DF4000BC887 /* FsprgFulfillment.m in Sources */ = {isa = PBXBuildFile; fileRef = 46886B5A11477DF4000BC887 /* FsprgFulfillment.m */; };
		46886B6511477DF4000BC887 /* FsprgLicense.h in Headers */ = {isa = PBXBuildFile; fileRef = 46886B5B11477DF4000BC887 /* FsprgLicense.h */; settings = {ATTRIBUTES = (Public, ); }; };
		46886B6611477DF4000BC887 /* FsprgLicense.m in Sources */ = {isa = PBXBuildFile; fileRef = 46886B5C11477DF4000BC887 /* FsprgLicense.m */; };
		46886B6711477DF4000BC887 /* FsprgFileDownload.h in Headers */ = {isa = PBXBuildFile; fileRef = 46886B5D11477DF4000BC887 /* FsprgFileDownload.h */; settings = {ATTRIBUTES = (Public, ); }; };
		46886B6811477DF4000BC887 /* FsprgFileDownload.m in Sources */ = {isa = PBXBuildFile; fileRef = 46886B5E11477DF4000BC887 /* FsprgFileDownload.m */; };
		46886B8411477FE0000BC887 /* FsprgEmbeddedStoreDelegate.h in Headers */ = {isa = PBXBuildFile; fileRef = 46886B8311477FE0000BC887 /* FsprgEmbeddedStoreDelegate.h */; settings = {ATTRIBUTES = (Public, ); }; };
		46886BAB11478183000BC887 /* complicated.plist in Resources */ = {isa = PBXBuildFile; fileRef = 46886B7211477F51000BC887 /* complicated.plist */; };
		46886BAC11478186000BC887 /* FsprgEmbeddedStoreController.m in Sources */ = {isa = PBXBuildFile; fileRef = 46886B4111477DDA000BC887 /* FsprgEmbeddedStoreController.m */; };
		46886BAD11478187000BC887 /* FsprgFileDownload.m in Sources */ = {isa = PBXBuildFile; fileRef = 46886B5E11477DF4000BC887 /* FsprgFileDownload.m */; };
		46886BAE11478188000BC887 /* FsprgFulfillment.m in Sources */ = {isa = PBXBuildFile; fileRef = 46886B5A11477DF4000BC887 /* FsprgFulfillment.m */; };
		46886BAF1147818A000BC887 /* FsprgLicense.m in Sources */ = {isa = PBXBuildFile; fileRef = 46886B5C11477DF4000BC887 /* FsprgLicense.m */; };
		46886BB01147818A000BC887 /* FsprgOrder.m in Sources */ = {isa = PBXBuildFile; fileRef = 46886B5611477DF4000BC887 /* FsprgOrder.m */; };
		46886BB11147818C000BC887 /* FsprgOrderDocumentRepresentation.m in Sources */ = {isa = PBXBuildFile; fileRef = 46886B4611477DDA000BC887 /* FsprgOrderDocumentRepresentation.m */; };
		46886BB21147818C000BC887 /* FsprgOrderItem.m in Sources */ = {isa = PBXBuildFile; fileRef = 46886B5811477DF4000BC887 /* FsprgOrderItem.m */; };
		46886BB31147818D000BC887 /* FsprgOrderTest.m in Sources */ = {isa = PBXBuildFile; fileRef = 46886B7411477F51000BC887 /* FsprgOrderTest.m */; };
		46886BB41147818F000BC887 /* FsprgOrderView.m in Sources */ = {isa = PBXBuildFile; fileRef = 46886B4411477DDA000BC887 /* FsprgOrderView.m */; };
		46886BB511478190000BC887 /* FsprgStoreParameters.m in Sources */ = {isa = PBXBuildFile; fileRef = 46886B4811477DDB000BC887 /* FsprgStoreParameters.m */; };
		46886BB611478191000BC887 /* FsprgStoreParametersTest.m in Sources */ = {isa = PBXBuildFile; fileRef = 46886B6E11477E98000BC887 /* FsprgStoreParametersTest.m */; };
		46886BBC114781BF000BC887 /* WebKit.framework in Frameworks */ = {isa = PBXBuildFile; fileRef = 46886BBB114781BF000BC887 /* WebKit.framework */; };
		46886C65114781FA000BC887 /* WebKit.framework in Frameworks */ = {isa = PBXBuildFile; fileRef = 46886BBB114781BF000BC887 /* WebKit.framework */; };
		46886C6811478204000BC887 /* Cocoa.framework in Frameworks */ = {isa = PBXBuildFile; fileRef = 1058C7B1FEA5585E11CA2CBB /* Cocoa.framework */; };
		46886C791147A76D000BC887 /* Info.plist in Resources */ = {isa = PBXBuildFile; fileRef = 8DC2EF5A0486A6940098B216 /* Info.plist */; };
		8DC2EF530486A6940098B216 /* InfoPlist.strings in Resources */ = {isa = PBXBuildFile; fileRef = 089C1666FE841158C02AAC07 /* InfoPlist.strings */; };
		8DC2EF570486A6940098B216 /* Cocoa.framework in Frameworks */ = {isa = PBXBuildFile; fileRef = 1058C7B1FEA5585E11CA2CBB /* Cocoa.framework */; };
/* End PBXBuildFile section */

/* Begin PBXFileReference section */
		0867D69BFE84028FC02AAC07 /* Foundation.framework */ = {isa = PBXFileReference; lastKnownFileType = wrapper.framework; name = Foundation.framework; path = /System/Library/Frameworks/Foundation.framework; sourceTree = "<absolute>"; };
		0867D6A5FE840307C02AAC07 /* AppKit.framework */ = {isa = PBXFileReference; lastKnownFileType = wrapper.framework; name = AppKit.framework; path = /System/Library/Frameworks/AppKit.framework; sourceTree = "<absolute>"; };
		089C1667FE841158C02AAC07 /* English */ = {isa = PBXFileReference; fileEncoding = 10; lastKnownFileType = text.plist.strings; name = English; path = English.lproj/InfoPlist.strings; sourceTree = "<group>"; };
		1058C7B1FEA5585E11CA2CBB /* Cocoa.framework */ = {isa = PBXFileReference; lastKnownFileType = wrapper.framework; name = Cocoa.framework; path = /System/Library/Frameworks/Cocoa.framework; sourceTree = "<absolute>"; };
		32DBCF5E0370ADEE00C91783 /* FsprgEmbeddedStore_Prefix.pch */ = {isa = PBXFileReference; fileEncoding = 4; lastKnownFileType = sourcecode.c.h; path = FsprgEmbeddedStore_Prefix.pch; sourceTree = "<group>"; };
		46886B3F11477DDA000BC887 /* FsprgEmbeddedStore.h */ = {isa = PBXFileReference; fileEncoding = 4; lastKnownFileType = sourcecode.c.h; path = FsprgEmbeddedStore.h; sourceTree = "<group>"; };
		46886B4011477DDA000BC887 /* FsprgEmbeddedStoreController.h */ = {isa = PBXFileReference; fileEncoding = 4; lastKnownFileType = sourcecode.c.h; path = FsprgEmbeddedStoreController.h; sourceTree = "<group>"; };
		46886B4111477DDA000BC887 /* FsprgEmbeddedStoreController.m */ = {isa = PBXFileReference; fileEncoding = 4; lastKnownFileType = sourcecode.c.objc; path = FsprgEmbeddedStoreController.m; sourceTree = "<group>"; };
		46886B4311477DDA000BC887 /* FsprgOrderView.h */ = {isa = PBXFileReference; fileEncoding = 4; lastKnownFileType = sourcecode.c.h; path = FsprgOrderView.h; sourceTree = "<group>"; };
		46886B4411477DDA000BC887 /* FsprgOrderView.m */ = {isa = PBXFileReference; fileEncoding = 4; lastKnownFileType = sourcecode.c.objc; path = FsprgOrderView.m; sourceTree = "<group>"; };
		46886B4511477DDA000BC887 /* FsprgOrderDocumentRepresentation.h */ = {isa = PBXFileReference; fileEncoding = 4; lastKnownFileType = sourcecode.c.h; path = FsprgOrderDocumentRepresentation.h; sourceTree = "<group>"; };
		46886B4611477DDA000BC887 /* FsprgOrderDocumentRepresentation.m */ = {isa = PBXFileReference; fileEncoding = 4; lastKnownFileType = sourcecode.c.objc; path = FsprgOrderDocumentRepresentation.m; sourceTree = "<group>"; };
		46886B4711477DDB000BC887 /* FsprgStoreParameters.h */ = {isa = PBXFileReference; fileEncoding = 4; lastKnownFileType = sourcecode.c.h; path = FsprgStoreParameters.h; sourceTree = "<group>"; };
		46886B4811477DDB000BC887 /* FsprgStoreParameters.m */ = {isa = PBXFileReference; fileEncoding = 4; lastKnownFileType = sourcecode.c.objc; path = FsprgStoreParameters.m; sourceTree = "<group>"; };
		46886B5511477DF4000BC887 /* FsprgOrder.h */ = {isa = PBXFileReference; fileEncoding = 4; lastKnownFileType = sourcecode.c.h; path = FsprgOrder.h; sourceTree = "<group>"; };
		46886B5611477DF4000BC887 /* FsprgOrder.m */ = {isa = PBXFileReference; fileEncoding = 4; lastKnownFileType = sourcecode.c.objc; path = FsprgOrder.m; sourceTree = "<group>"; };
		46886B5711477DF4000BC887 /* FsprgOrderItem.h */ = {isa = PBXFileReference; fileEncoding = 4; lastKnownFileType = sourcecode.c.h; path = FsprgOrderItem.h; sourceTree = "<group>"; };
		46886B5811477DF4000BC887 /* FsprgOrderItem.m */ = {isa = PBXFileReference; fileEncoding = 4; lastKnownFileType = sourcecode.c.objc; path = FsprgOrderItem.m; sourceTree = "<group>"; };
		46886B5911477DF4000BC887 /* FsprgFulfillment.h */ = {isa = PBXFileReference; fileEncoding = 4; lastKnownFileType = sourcecode.c.h; path = FsprgFulfillment.h; sourceTree = "<group>"; };
		46886B5A11477DF4000BC887 /* FsprgFulfillment.m */ = {isa = PBXFileReference; fileEncoding = 4; lastKnownFileType = sourcecode.c.objc; path = FsprgFulfillment.m; sourceTree = "<group>"; };
		46886B5B11477DF4000BC887 /* FsprgLicense.h */ = {isa = PBXFileReference; fileEncoding = 4; lastKnownFileType = sourcecode.c.h; path = FsprgLicense.h; sourceTree = "<group>"; };
		46886B5C11477DF4000BC887 /* FsprgLicense.m */ = {isa = PBXFileReference; fileEncoding = 4; lastKnownFileType = sourcecode.c.objc; path = FsprgLicense.m; sourceTree = "<group>"; };
		46886B5D11477DF4000BC887 /* FsprgFileDownload.h */ = {isa = PBXFileReference; fileEncoding = 4; lastKnownFileType = sourcecode.c.h; path = FsprgFileDownload.h; sourceTree = "<group>"; };
		46886B5E11477DF4000BC887 /* FsprgFileDownload.m */ = {isa = PBXFileReference; fileEncoding = 4; lastKnownFileType = sourcecode.c.objc; path = FsprgFileDownload.m; sourceTree = "<group>"; };
		46886B6D11477E98000BC887 /* FsprgStoreParametersTest.h */ = {isa = PBXFileReference; fileEncoding = 4; lastKnownFileType = sourcecode.c.h; path = FsprgStoreParametersTest.h; sourceTree = "<group>"; };
		46886B6E11477E98000BC887 /* FsprgStoreParametersTest.m */ = {isa = PBXFileReference; fileEncoding = 4; lastKnownFileType = sourcecode.c.objc; path = FsprgStoreParametersTest.m; sourceTree = "<group>"; };
		46886B7211477F51000BC887 /* complicated.plist */ = {isa = PBXFileReference; fileEncoding = 4; lastKnownFileType = text.plist.xml; path = complicated.plist; sourceTree = "<group>"; };
		46886B7311477F51000BC887 /* FsprgOrderTest.h */ = {isa = PBXFileReference; fileEncoding = 4; lastKnownFileType = sourcecode.c.h; path = FsprgOrderTest.h; sourceTree = "<group>"; };
		46886B7411477F51000BC887 /* FsprgOrderTest.m */ = {isa = PBXFileReference; fileEncoding = 4; lastKnownFileType = sourcecode.c.objc; path = FsprgOrderTest.m; sourceTree = "<group>"; };
		46886B8311477FE0000BC887 /* FsprgEmbeddedStoreDelegate.h */ = {isa = PBXFileReference; fileEncoding = 4; lastKnownFileType = sourcecode.c.h; path = FsprgEmbeddedStoreDelegate.h; sourceTree = "<group>"; };
		46886BA011478162000BC887 /* UnitTests.octest */ = {isa = PBXFileReference; explicitFileType = wrapper.cfbundle; includeInIndex = 0; path = UnitTests.octest; sourceTree = BUILT_PRODUCTS_DIR; };
		46886BA111478162000BC887 /* UnitTests-Info.plist */ = {isa = PBXFileReference; lastKnownFileType = text.plist.xml; path = "UnitTests-Info.plist"; sourceTree = "<group>"; };
		46886BBB114781BF000BC887 /* WebKit.framework */ = {isa = PBXFileReference; lastKnownFileType = wrapper.framework; name = WebKit.framework; path = System/Library/Frameworks/WebKit.framework; sourceTree = SDKROOT; };
		8DC2EF5A0486A6940098B216 /* Info.plist */ = {isa = PBXFileReference; fileEncoding = 4; lastKnownFileType = text.plist.xml; path = Info.plist; sourceTree = "<group>"; };
		8DC2EF5B0486A6940098B216 /* FsprgEmbeddedStore.framework */ = {isa = PBXFileReference; explicitFileType = wrapper.framework; includeInIndex = 0; path = FsprgEmbeddedStore.framework; sourceTree = BUILT_PRODUCTS_DIR; };
		D2F7E79907B2D74100F64583 /* CoreData.framework */ = {isa = PBXFileReference; lastKnownFileType = wrapper.framework; name = CoreData.framework; path = /System/Library/Frameworks/CoreData.framework; sourceTree = "<absolute>"; };
/* End PBXFileReference section */

/* Begin PBXFrameworksBuildPhase section */
		46886B9D11478162000BC887 /* Frameworks */ = {
			isa = PBXFrameworksBuildPhase;
			buildActionMask = 2147483647;
			files = (
				46886BBC114781BF000BC887 /* WebKit.framework in Frameworks */,
				46886C6811478204000BC887 /* Cocoa.framework in Frameworks */,
			);
			runOnlyForDeploymentPostprocessing = 0;
		};
		8DC2EF560486A6940098B216 /* Frameworks */ = {
			isa = PBXFrameworksBuildPhase;
			buildActionMask = 2147483647;
			files = (
				8DC2EF570486A6940098B216 /* Cocoa.framework in Frameworks */,
				46886C65114781FA000BC887 /* WebKit.framework in Frameworks */,
			);
			runOnlyForDeploymentPostprocessing = 0;
		};
/* End PBXFrameworksBuildPhase section */

/* Begin PBXGroup section */
		034768DFFF38A50411DB9C8B /* Products */ = {
			isa = PBXGroup;
			children = (
				8DC2EF5B0486A6940098B216 /* FsprgEmbeddedStore.framework */,
				46886BA011478162000BC887 /* UnitTests.octest */,
			);
			name = Products;
			sourceTree = "<group>";
		};
		0867D691FE84028FC02AAC07 /* FsprgEmbeddedStore */ = {
			isa = PBXGroup;
			children = (
				08FB77AEFE84172EC02AAC07 /* Classes */,
				32C88DFF0371C24200C91783 /* Other Sources */,
				089C1665FE841158C02AAC07 /* Resources */,
				46886B6C11477E71000BC887 /* Tests */,
				0867D69AFE84028FC02AAC07 /* External Frameworks and Libraries */,
				034768DFFF38A50411DB9C8B /* Products */,
			);
			name = FsprgEmbeddedStore;
			sourceTree = "<group>";
		};
		0867D69AFE84028FC02AAC07 /* External Frameworks and Libraries */ = {
			isa = PBXGroup;
			children = (
				1058C7B0FEA5585E11CA2CBB /* Linked Frameworks */,
				1058C7B2FEA5585E11CA2CBB /* Other Frameworks */,
			);
			name = "External Frameworks and Libraries";
			sourceTree = "<group>";
		};
		089C1665FE841158C02AAC07 /* Resources */ = {
			isa = PBXGroup;
			children = (
				8DC2EF5A0486A6940098B216 /* Info.plist */,
				089C1666FE841158C02AAC07 /* InfoPlist.strings */,
			);
			name = Resources;
			sourceTree = "<group>";
		};
		08FB77AEFE84172EC02AAC07 /* Classes */ = {
			isa = PBXGroup;
			children = (
				46886B3F11477DDA000BC887 /* FsprgEmbeddedStore.h */,
				46886B4011477DDA000BC887 /* FsprgEmbeddedStoreController.h */,
				46886B4111477DDA000BC887 /* FsprgEmbeddedStoreController.m */,
				46886B8311477FE0000BC887 /* FsprgEmbeddedStoreDelegate.h */,
				46886B4311477DDA000BC887 /* FsprgOrderView.h */,
				46886B4411477DDA000BC887 /* FsprgOrderView.m */,
				46886B4511477DDA000BC887 /* FsprgOrderDocumentRepresentation.h */,
				46886B4611477DDA000BC887 /* FsprgOrderDocumentRepresentation.m */,
				46886B4711477DDB000BC887 /* FsprgStoreParameters.h */,
				46886B4811477DDB000BC887 /* FsprgStoreParameters.m */,
				46886B5411477DE1000BC887 /* Model */,
			);
			name = Classes;
			sourceTree = "<group>";
		};
		1058C7B0FEA5585E11CA2CBB /* Linked Frameworks */ = {
			isa = PBXGroup;
			children = (
				1058C7B1FEA5585E11CA2CBB /* Cocoa.framework */,
				46886BBB114781BF000BC887 /* WebKit.framework */,
			);
			name = "Linked Frameworks";
			sourceTree = "<group>";
		};
		1058C7B2FEA5585E11CA2CBB /* Other Frameworks */ = {
			isa = PBXGroup;
			children = (
				0867D6A5FE840307C02AAC07 /* AppKit.framework */,
				D2F7E79907B2D74100F64583 /* CoreData.framework */,
				0867D69BFE84028FC02AAC07 /* Foundation.framework */,
			);
			name = "Other Frameworks";
			sourceTree = "<group>";
		};
		32C88DFF0371C24200C91783 /* Other Sources */ = {
			isa = PBXGroup;
			children = (
				32DBCF5E0370ADEE00C91783 /* FsprgEmbeddedStore_Prefix.pch */,
			);
			name = "Other Sources";
			sourceTree = "<group>";
		};
		46886B5411477DE1000BC887 /* Model */ = {
			isa = PBXGroup;
			children = (
				46886B5511477DF4000BC887 /* FsprgOrder.h */,
				46886B5611477DF4000BC887 /* FsprgOrder.m */,
				46886B5711477DF4000BC887 /* FsprgOrderItem.h */,
				46886B5811477DF4000BC887 /* FsprgOrderItem.m */,
				46886B5911477DF4000BC887 /* FsprgFulfillment.h */,
				46886B5A11477DF4000BC887 /* FsprgFulfillment.m */,
				46886B5B11477DF4000BC887 /* FsprgLicense.h */,
				46886B5C11477DF4000BC887 /* FsprgLicense.m */,
				46886B5D11477DF4000BC887 /* FsprgFileDownload.h */,
				46886B5E11477DF4000BC887 /* FsprgFileDownload.m */,
			);
			name = Model;
			sourceTree = "<group>";
		};
		46886B6C11477E71000BC887 /* Tests */ = {
			isa = PBXGroup;
			children = (
				46886B6D11477E98000BC887 /* FsprgStoreParametersTest.h */,
				46886B6E11477E98000BC887 /* FsprgStoreParametersTest.m */,
				46886B7111477E9D000BC887 /* Model */,
				46886BA111478162000BC887 /* UnitTests-Info.plist */,
			);
			name = Tests;
			sourceTree = "<group>";
		};
		46886B7111477E9D000BC887 /* Model */ = {
			isa = PBXGroup;
			children = (
				46886B7211477F51000BC887 /* complicated.plist */,
				46886B7311477F51000BC887 /* FsprgOrderTest.h */,
				46886B7411477F51000BC887 /* FsprgOrderTest.m */,
			);
			name = Model;
			sourceTree = "<group>";
		};
/* End PBXGroup section */

/* Begin PBXHeadersBuildPhase section */
		8DC2EF500486A6940098B216 /* Headers */ = {
			isa = PBXHeadersBuildPhase;
			buildActionMask = 2147483647;
			files = (
				46886B4911477DDB000BC887 /* FsprgEmbeddedStore.h in Headers */,
				46886B4A11477DDB000BC887 /* FsprgEmbeddedStoreController.h in Headers */,
				46886B4D11477DDB000BC887 /* FsprgOrderView.h in Headers */,
				46886B4F11477DDB000BC887 /* FsprgOrderDocumentRepresentation.h in Headers */,
				46886B5111477DDB000BC887 /* FsprgStoreParameters.h in Headers */,
				46886B5F11477DF4000BC887 /* FsprgOrder.h in Headers */,
				46886B6111477DF4000BC887 /* FsprgOrderItem.h in Headers */,
				46886B6311477DF4000BC887 /* FsprgFulfillment.h in Headers */,
				46886B6511477DF4000BC887 /* FsprgLicense.h in Headers */,
				46886B6711477DF4000BC887 /* FsprgFileDownload.h in Headers */,
				46886B8411477FE0000BC887 /* FsprgEmbeddedStoreDelegate.h in Headers */,
			);
			runOnlyForDeploymentPostprocessing = 0;
		};
/* End PBXHeadersBuildPhase section */

/* Begin PBXNativeTarget section */
		46886B9F11478162000BC887 /* UnitTests */ = {
			isa = PBXNativeTarget;
			buildConfigurationList = 46886BA411478163000BC887 /* Build configuration list for PBXNativeTarget "UnitTests" */;
			buildPhases = (
				46886B9B11478162000BC887 /* Resources */,
				46886B9C11478162000BC887 /* Sources */,
				46886B9D11478162000BC887 /* Frameworks */,
				46886B9E11478162000BC887 /* ShellScript */,
			);
			buildRules = (
			);
			dependencies = (
			);
			name = UnitTests;
			productName = UnitTests;
			productReference = 46886BA011478162000BC887 /* UnitTests.octest */;
			productType = "com.apple.product-type.bundle";
		};
		8DC2EF4F0486A6940098B216 /* FsprgEmbeddedStore */ = {
			isa = PBXNativeTarget;
			buildConfigurationList = 1DEB91AD08733DA50010E9CD /* Build configuration list for PBXNativeTarget "FsprgEmbeddedStore" */;
			buildPhases = (
				8DC2EF500486A6940098B216 /* Headers */,
				8DC2EF520486A6940098B216 /* Resources */,
				8DC2EF540486A6940098B216 /* Sources */,
				8DC2EF560486A6940098B216 /* Frameworks */,
			);
			buildRules = (
			);
			dependencies = (
			);
			name = FsprgEmbeddedStore;
			productInstallPath = "$(HOME)/Library/Frameworks";
			productName = FsprgEmbeddedStore;
			productReference = 8DC2EF5B0486A6940098B216 /* FsprgEmbeddedStore.framework */;
			productType = "com.apple.product-type.framework";
		};
/* End PBXNativeTarget section */

/* Begin PBXProject section */
		0867D690FE84028FC02AAC07 /* Project object */ = {
			isa = PBXProject;
			attributes = {
				ORGANIZATIONNAME = FastSpring;
			};
			buildConfigurationList = 1DEB91B108733DA50010E9CD /* Build configuration list for PBXProject "FsprgEmbeddedStore" */;
			compatibilityVersion = "Xcode 3.0";
			developmentRegion = English;
			hasScannedForEncodings = 1;
			knownRegions = (
				English,
				Japanese,
				French,
				German,
			);
			mainGroup = 0867D691FE84028FC02AAC07 /* FsprgEmbeddedStore */;
			productRefGroup = 034768DFFF38A50411DB9C8B /* Products */;
			projectDirPath = "";
			projectRoot = "";
			targets = (
				8DC2EF4F0486A6940098B216 /* FsprgEmbeddedStore */,
				46886B9F11478162000BC887 /* UnitTests */,
			);
		};
/* End PBXProject section */

/* Begin PBXResourcesBuildPhase section */
		46886B9B11478162000BC887 /* Resources */ = {
			isa = PBXResourcesBuildPhase;
			buildActionMask = 2147483647;
			files = (
				46886BAB11478183000BC887 /* complicated.plist in Resources */,
				46886C791147A76D000BC887 /* Info.plist in Resources */,
			);
			runOnlyForDeploymentPostprocessing = 0;
		};
		8DC2EF520486A6940098B216 /* Resources */ = {
			isa = PBXResourcesBuildPhase;
			buildActionMask = 2147483647;
			files = (
				8DC2EF530486A6940098B216 /* InfoPlist.strings in Resources */,
			);
			runOnlyForDeploymentPostprocessing = 0;
		};
/* End PBXResourcesBuildPhase section */

/* Begin PBXShellScriptBuildPhase section */
		46886B9E11478162000BC887 /* ShellScript */ = {
			isa = PBXShellScriptBuildPhase;
			buildActionMask = 2147483647;
			files = (
			);
			inputPaths = (
			);
			outputPaths = (
			);
			runOnlyForDeploymentPostprocessing = 0;
			shellPath = /bin/sh;
			shellScript = "# Run the unit tests in this test bundle.\n\"${SYSTEM_DEVELOPER_DIR}/Tools/RunUnitTests\"\n";
		};
/* End PBXShellScriptBuildPhase section */

/* Begin PBXSourcesBuildPhase section */
		46886B9C11478162000BC887 /* Sources */ = {
			isa = PBXSourcesBuildPhase;
			buildActionMask = 2147483647;
			files = (
				46886BAC11478186000BC887 /* FsprgEmbeddedStoreController.m in Sources */,
				46886BAD11478187000BC887 /* FsprgFileDownload.m in Sources */,
				46886BAE11478188000BC887 /* FsprgFulfillment.m in Sources */,
				46886BAF1147818A000BC887 /* FsprgLicense.m in Sources */,
				46886BB01147818A000BC887 /* FsprgOrder.m in Sources */,
				46886BB11147818C000BC887 /* FsprgOrderDocumentRepresentation.m in Sources */,
				46886BB21147818C000BC887 /* FsprgOrderItem.m in Sources */,
				46886BB31147818D000BC887 /* FsprgOrderTest.m in Sources */,
				46886BB41147818F000BC887 /* FsprgOrderView.m in Sources */,
				46886BB511478190000BC887 /* FsprgStoreParameters.m in Sources */,
				46886BB611478191000BC887 /* FsprgStoreParametersTest.m in Sources */,
			);
			runOnlyForDeploymentPostprocessing = 0;
		};
		8DC2EF540486A6940098B216 /* Sources */ = {
			isa = PBXSourcesBuildPhase;
			buildActionMask = 2147483647;
			files = (
				46886B4B11477DDB000BC887 /* FsprgEmbeddedStoreController.m in Sources */,
				46886B4E11477DDB000BC887 /* FsprgOrderView.m in Sources */,
				46886B5011477DDB000BC887 /* FsprgOrderDocumentRepresentation.m in Sources */,
				46886B5211477DDB000BC887 /* FsprgStoreParameters.m in Sources */,
				46886B6011477DF4000BC887 /* FsprgOrder.m in Sources */,
				46886B6211477DF4000BC887 /* FsprgOrderItem.m in Sources */,
				46886B6411477DF4000BC887 /* FsprgFulfillment.m in Sources */,
				46886B6611477DF4000BC887 /* FsprgLicense.m in Sources */,
				46886B6811477DF4000BC887 /* FsprgFileDownload.m in Sources */,
			);
			runOnlyForDeploymentPostprocessing = 0;
		};
/* End PBXSourcesBuildPhase section */

/* Begin PBXVariantGroup section */
		089C1666FE841158C02AAC07 /* InfoPlist.strings */ = {
			isa = PBXVariantGroup;
			children = (
				089C1667FE841158C02AAC07 /* English */,
			);
			name = InfoPlist.strings;
			sourceTree = "<group>";
		};
/* End PBXVariantGroup section */

/* Begin XCBuildConfiguration section */
		1DEB91AE08733DA50010E9CD /* Debug */ = {
			isa = XCBuildConfiguration;
			buildSettings = {
				COPY_PHASE_STRIP = NO;
				DYLIB_COMPATIBILITY_VERSION = 1;
				DYLIB_CURRENT_VERSION = 1;
				FRAMEWORK_VERSION = A;
				GCC_DYNAMIC_NO_PIC = NO;
				GCC_ENABLE_FIX_AND_CONTINUE = YES;
				GCC_MODEL_TUNING = G5;
				GCC_OPTIMIZATION_LEVEL = 0;
				GCC_PRECOMPILE_PREFIX_HEADER = YES;
				GCC_PREFIX_HEADER = FsprgEmbeddedStore_Prefix.pch;
				INFOPLIST_FILE = Info.plist;
				INSTALL_PATH = "$(HOME)/Library/Frameworks";
				PRODUCT_NAME = FsprgEmbeddedStore;
				WRAPPER_EXTENSION = framework;
				ZERO_LINK = YES;
			};
			name = Debug;
		};
		1DEB91AF08733DA50010E9CD /* Release 10.5+ */ = {
			isa = XCBuildConfiguration;
			buildSettings = {
				DEBUG_INFORMATION_FORMAT = "dwarf-with-dsym";
				DYLIB_COMPATIBILITY_VERSION = 1;
				DYLIB_CURRENT_VERSION = 1;
				FRAMEWORK_VERSION = A;
				GCC_MODEL_TUNING = G5;
				GCC_PRECOMPILE_PREFIX_HEADER = YES;
				GCC_PREFIX_HEADER = FsprgEmbeddedStore_Prefix.pch;
				INFOPLIST_FILE = Info.plist;
				INSTALL_PATH = "$(HOME)/Library/Frameworks";
				PRODUCT_NAME = FsprgEmbeddedStore;
				WRAPPER_EXTENSION = framework;
			};
			name = "Release 10.5+";
		};
		1DEB91B208733DA50010E9CD /* Debug */ = {
			isa = XCBuildConfiguration;
			buildSettings = {
				GCC_WARN_ABOUT_RETURN_TYPE = YES;
				GCC_WARN_UNUSED_VARIABLE = YES;
				INSTALL_PATH = "@executable_path/../Frameworks";
				LD_DYLIB_INSTALL_NAME = "@executable_path/../Frameworks/$(CONTENTS_FOLDER_PATH)/$(PRODUCT_NAME)";
				PREBINDING = NO;
				SDKROOT = "$(DEVELOPER_SDK_DIR)/MacOSX10.5.sdk";
			};
			name = Debug;
		};
		1DEB91B308733DA50010E9CD /* Release 10.5+ */ = {
			isa = XCBuildConfiguration;
			buildSettings = {
				ARCHS = "$(ARCHS_STANDARD_32_64_BIT_PRE_XCODE_3_1)";
				ARCHS_STANDARD_32_64_BIT_PRE_XCODE_3_1 = "x86_64 i386 ppc";
				GCC_ENABLE_OBJC_GC = supported;
				GCC_WARN_ABOUT_RETURN_TYPE = YES;
				GCC_WARN_UNUSED_VARIABLE = YES;
				INSTALL_PATH = "@executable_path/../Frameworks";
				LD_DYLIB_INSTALL_NAME = "@executable_path/../Frameworks/$(CONTENTS_FOLDER_PATH)/$(PRODUCT_NAME)";
				PREBINDING = NO;
				SDKROOT = "$(DEVELOPER_SDK_DIR)/MacOSX10.5.sdk";
			};
			name = "Release 10.5+";
		};
		467C9D0F114E51330067125A /* Release 10.4 */ = {
			isa = XCBuildConfiguration;
			buildSettings = {
				ARCHS = "$(ARCHS_STANDARD_32_BIT_PRE_XCODE_3_1)";
				ARCHS_STANDARD_32_BIT_PRE_XCODE_3_1 = "ppc i386";
				GCC_VERSION = 4.0;
				GCC_WARN_ABOUT_RETURN_TYPE = YES;
				GCC_WARN_UNUSED_VARIABLE = YES;
				INSTALL_PATH = "@executable_path/../Frameworks";
				LD_DYLIB_INSTALL_NAME = "@executable_path/../Frameworks/$(CONTENTS_FOLDER_PATH)/$(PRODUCT_NAME)";
				PREBINDING = NO;
				SDKROOT = "$(DEVELOPER_SDK_DIR)/MacOSX10.4u.sdk";
			};
			name = "Release 10.4";
		};
		467C9D10114E51330067125A /* Release 10.4 */ = {
			isa = XCBuildConfiguration;
			buildSettings = {
				DEBUG_INFORMATION_FORMAT = "dwarf-with-dsym";
				DYLIB_COMPATIBILITY_VERSION = 1;
				DYLIB_CURRENT_VERSION = 1;
				FRAMEWORK_VERSION = A;
				GCC_MODEL_TUNING = G5;
				GCC_PRECOMPILE_PREFIX_HEADER = YES;
				GCC_PREFIX_HEADER = FsprgEmbeddedStore_Prefix.pch;
				INFOPLIST_FILE = Info.plist;
				INSTALL_PATH = "$(HOME)/Library/Frameworks";
				PRODUCT_NAME = FsprgEmbeddedStore;
				WRAPPER_EXTENSION = framework;
			};
			name = "Release 10.4";
		};
		467C9D11114E51330067125A /* Release 10.4 */ = {
			isa = XCBuildConfiguration;
			buildSettings = {
				ALWAYS_SEARCH_USER_PATHS = NO;
				COPY_PHASE_STRIP = YES;
				DEBUG_INFORMATION_FORMAT = "dwarf-with-dsym";
				FRAMEWORK_SEARCH_PATHS = "$(DEVELOPER_LIBRARY_DIR)/Frameworks";
				GCC_ENABLE_FIX_AND_CONTINUE = NO;
				GCC_ENABLE_OBJC_EXCEPTIONS = YES;
				GCC_MODEL_TUNING = G5;
				GCC_PRECOMPILE_PREFIX_HEADER = YES;
				GCC_PREFIX_HEADER = "$(SYSTEM_LIBRARY_DIR)/Frameworks/Cocoa.framework/Headers/Cocoa.h";
				INFOPLIST_FILE = "UnitTests-Info.plist";
				INSTALL_PATH = "$(USER_LIBRARY_DIR)/Bundles";
				OTHER_LDFLAGS = (
					"-framework",
					Cocoa,
					"-framework",
					SenTestingKit,
				);
				PREBINDING = NO;
				PRODUCT_NAME = UnitTests;
				WRAPPER_EXTENSION = octest;
				ZERO_LINK = NO;
			};
			name = "Release 10.4";
		};
		46886BA211478163000BC887 /* Debug */ = {
			isa = XCBuildConfiguration;
			buildSettings = {
				ALWAYS_SEARCH_USER_PATHS = NO;
				COPY_PHASE_STRIP = NO;
				FRAMEWORK_SEARCH_PATHS = "$(DEVELOPER_LIBRARY_DIR)/Frameworks";
				GCC_DYNAMIC_NO_PIC = NO;
				GCC_ENABLE_FIX_AND_CONTINUE = NO;
				GCC_ENABLE_OBJC_EXCEPTIONS = YES;
				GCC_MODEL_TUNING = G5;
				GCC_OPTIMIZATION_LEVEL = 0;
				GCC_PRECOMPILE_PREFIX_HEADER = YES;
				GCC_PREFIX_HEADER = "$(SYSTEM_LIBRARY_DIR)/Frameworks/Cocoa.framework/Headers/Cocoa.h";
				INFOPLIST_FILE = "UnitTests-Info.plist";
				INSTALL_PATH = "$(USER_LIBRARY_DIR)/Bundles";
				OTHER_LDFLAGS = (
					"-framework",
					Cocoa,
					"-framework",
					SenTestingKit,
				);
				PREBINDING = NO;
				PRODUCT_NAME = UnitTests;
				WRAPPER_EXTENSION = octest;
			};
			name = Debug;
		};
		46886BA311478163000BC887 /* Release 10.5+ */ = {
			isa = XCBuildConfiguration;
			buildSettings = {
				ALWAYS_SEARCH_USER_PATHS = NO;
				COPY_PHASE_STRIP = YES;
				DEBUG_INFORMATION_FORMAT = "dwarf-with-dsym";
				FRAMEWORK_SEARCH_PATHS = "$(DEVELOPER_LIBRARY_DIR)/Frameworks";
				GCC_ENABLE_FIX_AND_CONTINUE = NO;
				GCC_ENABLE_OBJC_EXCEPTIONS = YES;
				GCC_MODEL_TUNING = G5;
				GCC_PRECOMPILE_PREFIX_HEADER = YES;
				GCC_PREFIX_HEADER = "$(SYSTEM_LIBRARY_DIR)/Frameworks/Cocoa.framework/Headers/Cocoa.h";
				INFOPLIST_FILE = "UnitTests-Info.plist";
				INSTALL_PATH = "$(USER_LIBRARY_DIR)/Bundles";
				OTHER_LDFLAGS = (
					"-framework",
					Cocoa,
					"-framework",
					SenTestingKit,
				);
				PREBINDING = NO;
				PRODUCT_NAME = UnitTests;
				WRAPPER_EXTENSION = octest;
				ZERO_LINK = NO;
			};
			name = "Release 10.5+";
		};
/* End XCBuildConfiguration section */

/* Begin XCConfigurationList section */
		1DEB91AD08733DA50010E9CD /* Build configuration list for PBXNativeTarget "FsprgEmbeddedStore" */ = {
			isa = XCConfigurationList;
			buildConfigurations = (
				1DEB91AE08733DA50010E9CD /* Debug */,
				1DEB91AF08733DA50010E9CD /* Release 10.5+ */,
				467C9D10114E51330067125A /* Release 10.4 */,
			);
			defaultConfigurationIsVisible = 0;
			defaultConfigurationName = "Release 10.5+";
		};
		1DEB91B108733DA50010E9CD /* Build configuration list for PBXProject "FsprgEmbeddedStore" */ = {
			isa = XCConfigurationList;
			buildConfigurations = (
				1DEB91B208733DA50010E9CD /* Debug */,
				1DEB91B308733DA50010E9CD /* Release 10.5+ */,
				467C9D0F114E51330067125A /* Release 10.4 */,
			);
			defaultConfigurationIsVisible = 0;
			defaultConfigurationName = "Release 10.5+";
		};
		46886BA411478163000BC887 /* Build configuration list for PBXNativeTarget "UnitTests" */ = {
			isa = XCConfigurationList;
			buildConfigurations = (
				46886BA211478163000BC887 /* Debug */,
				46886BA311478163000BC887 /* Release 10.5+ */,
				467C9D11114E51330067125A /* Release 10.4 */,
			);
			defaultConfigurationIsVisible = 0;
			defaultConfigurationName = "Release 10.5+";
		};
/* End XCConfigurationList section */
	};
	rootObject = 0867D690FE84028FC02AAC07 /* Project object */;
}
