// !$*UTF8*$!
{
	archiveVersion = 1;
	classes = {
	};
	objectVersion = 44;
	objects = {

/* Begin PBXBuildFile section */
		46044EB2111E3024004FD66A /* WebKit.framework in Frameworks */ = {isa = PBXBuildFile; fileRef = 46044EB1111E3024004FD66A /* WebKit.framework */; };
		465C54B91129FDB1008B62D7 /* AddressBook.framework in Frameworks */ = {isa = PBXBuildFile; fileRef = 465C54B81129FDB1008B62D7 /* AddressBook.framework */; };
		465CC147112D4ACF001E286C /* FSOrderView.m in Sources */ = {isa = PBXBuildFile; fileRef = 465CC146112D4ACF001E286C /* FSOrderView.m */; };
		465CC14A112D4BDE001E286C /* FSOrderDocumentRepresentation.m in Sources */ = {isa = PBXBuildFile; fileRef = 465CC149112D4BDE001E286C /* FSOrderDocumentRepresentation.m */; };
		465CC160112D4C24001E286C /* FSOrder.m in Sources */ = {isa = PBXBuildFile; fileRef = 465CC15F112D4C24001E286C /* FSOrder.m */; };
		465CC189112D4E69001E286C /* FSEmbeddedStoreController.m in Sources */ = {isa = PBXBuildFile; fileRef = 465CC188112D4E69001E286C /* FSEmbeddedStoreController.m */; };
		465CC21F112E01A3001E286C /* FSStoreParameters.m in Sources */ = {isa = PBXBuildFile; fileRef = 465CC21E112E01A3001E286C /* FSStoreParameters.m */; };
		467BE1481131BB22003B0654 /* MyOrderViewController.m in Sources */ = {isa = PBXBuildFile; fileRef = 467BE1471131BB22003B0654 /* MyOrderViewController.m */; };
		46D39C3F11294C7F00150E98 /* FSEmbeddedStoreStyle in Resources */ = {isa = PBXBuildFile; fileRef = 46D39C3511294C7F00150E98 /* FSEmbeddedStoreStyle */; };
		46F35F7C1132EBD100AA2DE2 /* MyEmbeddedStoreController.m in Sources */ = {isa = PBXBuildFile; fileRef = 46F35F7B1132EBD100AA2DE2 /* MyEmbeddedStoreController.m */; };
		46F35F951132EEB700AA2DE2 /* MyOrderView.nib in Resources */ = {isa = PBXBuildFile; fileRef = 46F35F941132EEB700AA2DE2 /* MyOrderView.nib */; };
		8D11072A0486CEB800E47090 /* MainMenu.nib in Resources */ = {isa = PBXBuildFile; fileRef = 29B97318FDCFA39411CA2CEA /* MainMenu.nib */; };
		8D11072B0486CEB800E47090 /* InfoPlist.strings in Resources */ = {isa = PBXBuildFile; fileRef = 089C165CFE840E0CC02AAC07 /* InfoPlist.strings */; };
		8D11072D0486CEB800E47090 /* main.m in Sources */ = {isa = PBXBuildFile; fileRef = 29B97316FDCFA39411CA2CEA /* main.m */; settings = {ATTRIBUTES = (); }; };
		8D11072F0486CEB800E47090 /* Cocoa.framework in Frameworks */ = {isa = PBXBuildFile; fileRef = 1058C7A1FEA54F0111CA2CBB /* Cocoa.framework */; };
/* End PBXBuildFile section */

/* Begin PBXFileReference section */
		089C165DFE840E0CC02AAC07 /* English */ = {isa = PBXFileReference; fileEncoding = 10; lastKnownFileType = text.plist.strings; name = English; path = English.lproj/InfoPlist.strings; sourceTree = "<group>"; };
		1058C7A1FEA54F0111CA2CBB /* Cocoa.framework */ = {isa = PBXFileReference; lastKnownFileType = wrapper.framework; name = Cocoa.framework; path = /System/Library/Frameworks/Cocoa.framework; sourceTree = "<absolute>"; };
		13E42FB307B3F0F600E4EEF1 /* CoreData.framework */ = {isa = PBXFileReference; lastKnownFileType = wrapper.framework; name = CoreData.framework; path = /System/Library/Frameworks/CoreData.framework; sourceTree = "<absolute>"; };
		29B97316FDCFA39411CA2CEA /* main.m */ = {isa = PBXFileReference; fileEncoding = 4; lastKnownFileType = sourcecode.c.objc; path = main.m; sourceTree = "<group>"; };
		29B97319FDCFA39411CA2CEA /* English */ = {isa = PBXFileReference; lastKnownFileType = wrapper.nib; name = English; path = English.lproj/MainMenu.nib; sourceTree = "<group>"; };
		29B97324FDCFA39411CA2CEA /* AppKit.framework */ = {isa = PBXFileReference; lastKnownFileType = wrapper.framework; name = AppKit.framework; path = /System/Library/Frameworks/AppKit.framework; sourceTree = "<absolute>"; };
		29B97325FDCFA39411CA2CEA /* Foundation.framework */ = {isa = PBXFileReference; lastKnownFileType = wrapper.framework; name = Foundation.framework; path = /System/Library/Frameworks/Foundation.framework; sourceTree = "<absolute>"; };
		32CA4F630368D1EE00C91783 /* FSEmbeddedStore_Prefix.pch */ = {isa = PBXFileReference; fileEncoding = 4; lastKnownFileType = sourcecode.c.h; path = FSEmbeddedStore_Prefix.pch; sourceTree = "<group>"; };
		46044EB1111E3024004FD66A /* WebKit.framework */ = {isa = PBXFileReference; lastKnownFileType = wrapper.framework; name = WebKit.framework; path = System/Library/Frameworks/WebKit.framework; sourceTree = SDKROOT; };
		465C54B81129FDB1008B62D7 /* AddressBook.framework */ = {isa = PBXFileReference; lastKnownFileType = wrapper.framework; name = AddressBook.framework; path = System/Library/Frameworks/AddressBook.framework; sourceTree = SDKROOT; };
		465CC145112D4ACF001E286C /* FSOrderView.h */ = {isa = PBXFileReference; fileEncoding = 4; lastKnownFileType = sourcecode.c.h; path = FSOrderView.h; sourceTree = "<group>"; };
		465CC146112D4ACF001E286C /* FSOrderView.m */ = {isa = PBXFileReference; fileEncoding = 4; lastKnownFileType = sourcecode.c.objc; path = FSOrderView.m; sourceTree = "<group>"; };
		465CC148112D4BDE001E286C /* FSOrderDocumentRepresentation.h */ = {isa = PBXFileReference; fileEncoding = 4; lastKnownFileType = sourcecode.c.h; path = FSOrderDocumentRepresentation.h; sourceTree = "<group>"; };
		465CC149112D4BDE001E286C /* FSOrderDocumentRepresentation.m */ = {isa = PBXFileReference; fileEncoding = 4; lastKnownFileType = sourcecode.c.objc; path = FSOrderDocumentRepresentation.m; sourceTree = "<group>"; };
		465CC15E112D4C24001E286C /* FSOrder.h */ = {isa = PBXFileReference; fileEncoding = 4; lastKnownFileType = sourcecode.c.h; path = FSOrder.h; sourceTree = "<group>"; };
		465CC15F112D4C24001E286C /* FSOrder.m */ = {isa = PBXFileReference; fileEncoding = 4; lastKnownFileType = sourcecode.c.objc; path = FSOrder.m; sourceTree = "<group>"; };
		465CC187112D4E69001E286C /* FSEmbeddedStoreController.h */ = {isa = PBXFileReference; fileEncoding = 4; lastKnownFileType = sourcecode.c.h; path = FSEmbeddedStoreController.h; sourceTree = "<group>"; };
		465CC188112D4E69001E286C /* FSEmbeddedStoreController.m */ = {isa = PBXFileReference; fileEncoding = 4; lastKnownFileType = sourcecode.c.objc; path = FSEmbeddedStoreController.m; sourceTree = "<group>"; };
		465CC21D112E01A3001E286C /* FSStoreParameters.h */ = {isa = PBXFileReference; fileEncoding = 4; lastKnownFileType = sourcecode.c.h; path = FSStoreParameters.h; sourceTree = "<group>"; };
		465CC21E112E01A3001E286C /* FSStoreParameters.m */ = {isa = PBXFileReference; fileEncoding = 4; lastKnownFileType = sourcecode.c.objc; path = FSStoreParameters.m; sourceTree = "<group>"; };
		467BE1461131BB22003B0654 /* MyOrderViewController.h */ = {isa = PBXFileReference; fileEncoding = 4; lastKnownFileType = sourcecode.c.h; path = MyOrderViewController.h; sourceTree = "<group>"; };
		467BE1471131BB22003B0654 /* MyOrderViewController.m */ = {isa = PBXFileReference; fileEncoding = 4; lastKnownFileType = sourcecode.c.objc; path = MyOrderViewController.m; sourceTree = "<group>"; };
		46D39C3511294C7F00150E98 /* FSEmbeddedStoreStyle */ = {isa = PBXFileReference; lastKnownFileType = folder; path = FSEmbeddedStoreStyle; sourceTree = "<group>"; };
		46F35F7A1132EBD100AA2DE2 /* MyEmbeddedStoreController.h */ = {isa = PBXFileReference; fileEncoding = 4; lastKnownFileType = sourcecode.c.h; path = MyEmbeddedStoreController.h; sourceTree = "<group>"; };
		46F35F7B1132EBD100AA2DE2 /* MyEmbeddedStoreController.m */ = {isa = PBXFileReference; fileEncoding = 4; lastKnownFileType = sourcecode.c.objc; path = MyEmbeddedStoreController.m; sourceTree = "<group>"; };
		46F35F811132EDE000AA2DE2 /* FSEmbeddedStoreDelegate.h */ = {isa = PBXFileReference; fileEncoding = 4; lastKnownFileType = sourcecode.c.h; path = FSEmbeddedStoreDelegate.h; sourceTree = "<group>"; };
		46F35F941132EEB700AA2DE2 /* MyOrderView.nib */ = {isa = PBXFileReference; lastKnownFileType = wrapper.nib; path = MyOrderView.nib; sourceTree = "<group>"; };
		8D1107310486CEB800E47090 /* Info.plist */ = {isa = PBXFileReference; fileEncoding = 4; lastKnownFileType = text.plist.xml; path = Info.plist; sourceTree = "<group>"; };
		8D1107320486CEB800E47090 /* FSEmbeddedStore.app */ = {isa = PBXFileReference; explicitFileType = wrapper.application; includeInIndex = 0; path = FSEmbeddedStore.app; sourceTree = BUILT_PRODUCTS_DIR; };
/* End PBXFileReference section */

/* Begin PBXFrameworksBuildPhase section */
		8D11072E0486CEB800E47090 /* Frameworks */ = {
			isa = PBXFrameworksBuildPhase;
			buildActionMask = 2147483647;
			files = (
				8D11072F0486CEB800E47090 /* Cocoa.framework in Frameworks */,
				46044EB2111E3024004FD66A /* WebKit.framework in Frameworks */,
				465C54B91129FDB1008B62D7 /* AddressBook.framework in Frameworks */,
			);
			runOnlyForDeploymentPostprocessing = 0;
		};
/* End PBXFrameworksBuildPhase section */

/* Begin PBXGroup section */
		080E96DDFE201D6D7F000001 /* Classes */ = {
			isa = PBXGroup;
			children = (
				465CC187112D4E69001E286C /* FSEmbeddedStoreController.h */,
				465CC188112D4E69001E286C /* FSEmbeddedStoreController.m */,
				46F35F811132EDE000AA2DE2 /* FSEmbeddedStoreDelegate.h */,
				465CC15E112D4C24001E286C /* FSOrder.h */,
				465CC15F112D4C24001E286C /* FSOrder.m */,
				465CC145112D4ACF001E286C /* FSOrderView.h */,
				465CC146112D4ACF001E286C /* FSOrderView.m */,
				465CC148112D4BDE001E286C /* FSOrderDocumentRepresentation.h */,
				465CC149112D4BDE001E286C /* FSOrderDocumentRepresentation.m */,
				465CC21D112E01A3001E286C /* FSStoreParameters.h */,
				465CC21E112E01A3001E286C /* FSStoreParameters.m */,
				46F35F821132EDF900AA2DE2 /* Examples */,
			);
			name = Classes;
			sourceTree = "<group>";
		};
		1058C7A0FEA54F0111CA2CBB /* Linked Frameworks */ = {
			isa = PBXGroup;
			children = (
				29B97324FDCFA39411CA2CEA /* AppKit.framework */,
				1058C7A1FEA54F0111CA2CBB /* Cocoa.framework */,
				46044EB1111E3024004FD66A /* WebKit.framework */,
				465C54B81129FDB1008B62D7 /* AddressBook.framework */,
			);
			name = "Linked Frameworks";
			sourceTree = "<group>";
		};
		1058C7A2FEA54F0111CA2CBB /* Other Frameworks */ = {
			isa = PBXGroup;
			children = (
				13E42FB307B3F0F600E4EEF1 /* CoreData.framework */,
				29B97325FDCFA39411CA2CEA /* Foundation.framework */,
			);
			name = "Other Frameworks";
			sourceTree = "<group>";
		};
		19C28FACFE9D520D11CA2CBB /* Products */ = {
			isa = PBXGroup;
			children = (
				8D1107320486CEB800E47090 /* FSEmbeddedStore.app */,
			);
			name = Products;
			sourceTree = "<group>";
		};
		29B97314FDCFA39411CA2CEA /* FSEmbeddedStore */ = {
			isa = PBXGroup;
			children = (
				080E96DDFE201D6D7F000001 /* Classes */,
				29B97315FDCFA39411CA2CEA /* Other Sources */,
				29B97317FDCFA39411CA2CEA /* Resources */,
				29B97323FDCFA39411CA2CEA /* Frameworks */,
				19C28FACFE9D520D11CA2CBB /* Products */,
			);
			name = FSEmbeddedStore;
			sourceTree = "<group>";
		};
		29B97315FDCFA39411CA2CEA /* Other Sources */ = {
			isa = PBXGroup;
			children = (
				32CA4F630368D1EE00C91783 /* FSEmbeddedStore_Prefix.pch */,
				29B97316FDCFA39411CA2CEA /* main.m */,
			);
			name = "Other Sources";
			sourceTree = "<group>";
		};
		29B97317FDCFA39411CA2CEA /* Resources */ = {
			isa = PBXGroup;
			children = (
				46D39C3511294C7F00150E98 /* FSEmbeddedStoreStyle */,
				8D1107310486CEB800E47090 /* Info.plist */,
				089C165CFE840E0CC02AAC07 /* InfoPlist.strings */,
				29B97318FDCFA39411CA2CEA /* MainMenu.nib */,
				46F35F941132EEB700AA2DE2 /* MyOrderView.nib */,
			);
			name = Resources;
			sourceTree = "<group>";
		};
		29B97323FDCFA39411CA2CEA /* Frameworks */ = {
			isa = PBXGroup;
			children = (
				1058C7A0FEA54F0111CA2CBB /* Linked Frameworks */,
				1058C7A2FEA54F0111CA2CBB /* Other Frameworks */,
			);
			name = Frameworks;
			sourceTree = "<group>";
		};
		46F35F821132EDF900AA2DE2 /* Examples */ = {
			isa = PBXGroup;
			children = (
				46F35F7A1132EBD100AA2DE2 /* MyEmbeddedStoreController.h */,
				46F35F7B1132EBD100AA2DE2 /* MyEmbeddedStoreController.m */,
				467BE1461131BB22003B0654 /* MyOrderViewController.h */,
				467BE1471131BB22003B0654 /* MyOrderViewController.m */,
			);
			name = Examples;
			sourceTree = "<group>";
		};
/* End PBXGroup section */

/* Begin PBXNativeTarget section */
		8D1107260486CEB800E47090 /* FSEmbeddedStore */ = {
			isa = PBXNativeTarget;
			buildConfigurationList = C01FCF4A08A954540054247B /* Build configuration list for PBXNativeTarget "FSEmbeddedStore" */;
			buildPhases = (
				8D1107290486CEB800E47090 /* Resources */,
				8D11072C0486CEB800E47090 /* Sources */,
				8D11072E0486CEB800E47090 /* Frameworks */,
			);
			buildRules = (
			);
			dependencies = (
			);
			name = FSEmbeddedStore;
			productInstallPath = "$(HOME)/Applications";
			productName = FSEmbeddedStore;
			productReference = 8D1107320486CEB800E47090 /* FSEmbeddedStore.app */;
			productType = "com.apple.product-type.application";
		};
/* End PBXNativeTarget section */

/* Begin PBXProject section */
		29B97313FDCFA39411CA2CEA /* Project object */ = {
			isa = PBXProject;
			buildConfigurationList = C01FCF4E08A954540054247B /* Build configuration list for PBXProject "FSEmbeddedStore" */;
			compatibilityVersion = "Xcode 3.0";
			hasScannedForEncodings = 1;
			mainGroup = 29B97314FDCFA39411CA2CEA /* FSEmbeddedStore */;
			projectDirPath = "";
			projectRoot = "";
			targets = (
				8D1107260486CEB800E47090 /* FSEmbeddedStore */,
			);
		};
/* End PBXProject section */

/* Begin PBXResourcesBuildPhase section */
		8D1107290486CEB800E47090 /* Resources */ = {
			isa = PBXResourcesBuildPhase;
			buildActionMask = 2147483647;
			files = (
				8D11072A0486CEB800E47090 /* MainMenu.nib in Resources */,
				8D11072B0486CEB800E47090 /* InfoPlist.strings in Resources */,
				46D39C3F11294C7F00150E98 /* FSEmbeddedStoreStyle in Resources */,
				46F35F951132EEB700AA2DE2 /* MyOrderView.nib in Resources */,
			);
			runOnlyForDeploymentPostprocessing = 0;
		};
/* End PBXResourcesBuildPhase section */

/* Begin PBXSourcesBuildPhase section */
		8D11072C0486CEB800E47090 /* Sources */ = {
			isa = PBXSourcesBuildPhase;
			buildActionMask = 2147483647;
			files = (
				8D11072D0486CEB800E47090 /* main.m in Sources */,
				465CC147112D4ACF001E286C /* FSOrderView.m in Sources */,
				465CC14A112D4BDE001E286C /* FSOrderDocumentRepresentation.m in Sources */,
				465CC160112D4C24001E286C /* FSOrder.m in Sources */,
				465CC189112D4E69001E286C /* FSEmbeddedStoreController.m in Sources */,
				465CC21F112E01A3001E286C /* FSStoreParameters.m in Sources */,
				467BE1481131BB22003B0654 /* MyOrderViewController.m in Sources */,
				46F35F7C1132EBD100AA2DE2 /* MyEmbeddedStoreController.m in Sources */,
			);
			runOnlyForDeploymentPostprocessing = 0;
		};
/* End PBXSourcesBuildPhase section */

/* Begin PBXVariantGroup section */
		089C165CFE840E0CC02AAC07 /* InfoPlist.strings */ = {
			isa = PBXVariantGroup;
			children = (
				089C165DFE840E0CC02AAC07 /* English */,
			);
			name = InfoPlist.strings;
			sourceTree = "<group>";
		};
		29B97318FDCFA39411CA2CEA /* MainMenu.nib */ = {
			isa = PBXVariantGroup;
			children = (
				29B97319FDCFA39411CA2CEA /* English */,
			);
			name = MainMenu.nib;
			sourceTree = "<group>";
		};
/* End PBXVariantGroup section */

/* Begin XCBuildConfiguration section */
		C01FCF4B08A954540054247B /* Debug */ = {
			isa = XCBuildConfiguration;
			buildSettings = {
				COPY_PHASE_STRIP = NO;
				GCC_DYNAMIC_NO_PIC = NO;
				GCC_ENABLE_FIX_AND_CONTINUE = YES;
				GCC_MODEL_TUNING = G5;
				GCC_OPTIMIZATION_LEVEL = 0;
				GCC_PRECOMPILE_PREFIX_HEADER = YES;
				GCC_PREFIX_HEADER = FSEmbeddedStore_Prefix.pch;
				INFOPLIST_FILE = Info.plist;
				INSTALL_PATH = "$(HOME)/Applications";
				PRODUCT_NAME = FSEmbeddedStore;
				WRAPPER_EXTENSION = app;
				ZERO_LINK = YES;
			};
			name = Debug;
		};
		C01FCF4C08A954540054247B /* Release */ = {
			isa = XCBuildConfiguration;
			buildSettings = {
				DEBUG_INFORMATION_FORMAT = "dwarf-with-dsym";
				GCC_MODEL_TUNING = G5;
				GCC_PRECOMPILE_PREFIX_HEADER = YES;
				GCC_PREFIX_HEADER = FSEmbeddedStore_Prefix.pch;
				INFOPLIST_FILE = Info.plist;
				INSTALL_PATH = "$(HOME)/Applications";
				PRODUCT_NAME = FSEmbeddedStore;
				WRAPPER_EXTENSION = app;
			};
			name = Release;
		};
		C01FCF4F08A954540054247B /* Debug */ = {
			isa = XCBuildConfiguration;
			buildSettings = {
				GCC_WARN_ABOUT_RETURN_TYPE = YES;
				GCC_WARN_UNUSED_VARIABLE = YES;
				PREBINDING = NO;
				SDKROOT = "$(DEVELOPER_SDK_DIR)/MacOSX10.5.sdk";
			};
			name = Debug;
		};
		C01FCF5008A954540054247B /* Release */ = {
			isa = XCBuildConfiguration;
			buildSettings = {
				ARCHS = (
					ppc,
					i386,
				);
				GCC_WARN_ABOUT_RETURN_TYPE = YES;
				GCC_WARN_UNUSED_VARIABLE = YES;
				PREBINDING = NO;
				SDKROOT = "$(DEVELOPER_SDK_DIR)/MacOSX10.5.sdk";
			};
			name = Release;
		};
/* End XCBuildConfiguration section */

/* Begin XCConfigurationList section */
		C01FCF4A08A954540054247B /* Build configuration list for PBXNativeTarget "FSEmbeddedStore" */ = {
			isa = XCConfigurationList;
			buildConfigurations = (
				C01FCF4B08A954540054247B /* Debug */,
				C01FCF4C08A954540054247B /* Release */,
			);
			defaultConfigurationIsVisible = 0;
			defaultConfigurationName = Release;
		};
		C01FCF4E08A954540054247B /* Build configuration list for PBXProject "FSEmbeddedStore" */ = {
			isa = XCConfigurationList;
			buildConfigurations = (
				C01FCF4F08A954540054247B /* Debug */,
				C01FCF5008A954540054247B /* Release */,
			);
			defaultConfigurationIsVisible = 0;
			defaultConfigurationName = Release;
		};
/* End XCConfigurationList section */
	};
	rootObject = 29B97313FDCFA39411CA2CEA /* Project object */;
}
