// !$*UTF8*$!
{
	archiveVersion = 1;
	classes = {
	};
	objectVersion = 46;
	objects = {

/* Begin PBXBuildFile section */
		460325DB1158B1FC00A5554B /* IsSecureIcon.png in Resources */ = {isa = PBXBuildFile; fileRef = 460325D91158B1FC00A5554B /* IsSecureIcon.png */; };
		464171C614EC076200F412CC /* FsprgEmbeddedStore.h in Headers */ = {isa = PBXBuildFile; fileRef = 464171AA14EC076200F412CC /* FsprgEmbeddedStore.h */; };
		464171C714EC076200F412CC /* FsprgEmbeddedStoreController.h in Headers */ = {isa = PBXBuildFile; fileRef = 464171AB14EC076200F412CC /* FsprgEmbeddedStoreController.h */; };
		464171C814EC076200F412CC /* FsprgEmbeddedStoreController.m in Sources */ = {isa = PBXBuildFile; fileRef = 464171AC14EC076200F412CC /* FsprgEmbeddedStoreController.m */; };
		464171C914EC076200F412CC /* FsprgEmbeddedStoreDelegate.h in Headers */ = {isa = PBXBuildFile; fileRef = 464171AD14EC076200F412CC /* FsprgEmbeddedStoreDelegate.h */; };
		464171CA14EC076200F412CC /* FsprgOrderDocumentRepresentation.h in Headers */ = {isa = PBXBuildFile; fileRef = 464171AE14EC076200F412CC /* FsprgOrderDocumentRepresentation.h */; };
		464171CB14EC076200F412CC /* FsprgOrderDocumentRepresentation.m in Sources */ = {isa = PBXBuildFile; fileRef = 464171AF14EC076200F412CC /* FsprgOrderDocumentRepresentation.m */; };
		464171CC14EC076200F412CC /* FsprgOrderView.h in Headers */ = {isa = PBXBuildFile; fileRef = 464171B014EC076200F412CC /* FsprgOrderView.h */; };
		464171CD14EC076200F412CC /* FsprgOrderView.m in Sources */ = {isa = PBXBuildFile; fileRef = 464171B114EC076200F412CC /* FsprgOrderView.m */; };
		464171CE14EC076200F412CC /* FsprgStoreParameters.h in Headers */ = {isa = PBXBuildFile; fileRef = 464171B214EC076200F412CC /* FsprgStoreParameters.h */; };
		464171CF14EC076200F412CC /* FsprgStoreParameters.m in Sources */ = {isa = PBXBuildFile; fileRef = 464171B314EC076200F412CC /* FsprgStoreParameters.m */; };
		464171D014EC076200F412CC /* FsprgFileDownload.h in Headers */ = {isa = PBXBuildFile; fileRef = 464171B514EC076200F412CC /* FsprgFileDownload.h */; };
		464171D114EC076200F412CC /* FsprgFileDownload.m in Sources */ = {isa = PBXBuildFile; fileRef = 464171B614EC076200F412CC /* FsprgFileDownload.m */; };
		464171D214EC076200F412CC /* FsprgFulfillment.h in Headers */ = {isa = PBXBuildFile; fileRef = 464171B714EC076200F412CC /* FsprgFulfillment.h */; };
		464171D314EC076200F412CC /* FsprgFulfillment.m in Sources */ = {isa = PBXBuildFile; fileRef = 464171B814EC076200F412CC /* FsprgFulfillment.m */; };
		464171D414EC076200F412CC /* FsprgLicense.h in Headers */ = {isa = PBXBuildFile; fileRef = 464171B914EC076200F412CC /* FsprgLicense.h */; };
		464171D514EC076200F412CC /* FsprgLicense.m in Sources */ = {isa = PBXBuildFile; fileRef = 464171BA14EC076200F412CC /* FsprgLicense.m */; };
		464171D614EC076200F412CC /* FsprgOrder.h in Headers */ = {isa = PBXBuildFile; fileRef = 464171BB14EC076200F412CC /* FsprgOrder.h */; };
		464171D714EC076200F412CC /* FsprgOrder.m in Sources */ = {isa = PBXBuildFile; fileRef = 464171BC14EC076200F412CC /* FsprgOrder.m */; };
		464171D814EC076200F412CC /* FsprgOrderItem.h in Headers */ = {isa = PBXBuildFile; fileRef = 464171BD14EC076200F412CC /* FsprgOrderItem.h */; };
		464171D914EC076200F412CC /* FsprgOrderItem.m in Sources */ = {isa = PBXBuildFile; fileRef = 464171BE14EC076200F412CC /* FsprgOrderItem.m */; };
		4684D97F114A32F500CFE920 /* APPL.icns in Resources */ = {isa = PBXBuildFile; fileRef = 4684D97E114A32F500CFE920 /* APPL.icns */; };
		46A649D61148DA0300B31C85 /* AppController.h in Headers */ = {isa = PBXBuildFile; fileRef = 46A649D41148DA0300B31C85 /* AppController.h */; };
		46A649D71148DA0300B31C85 /* AppController.m in Sources */ = {isa = PBXBuildFile; fileRef = 46A649D51148DA0300B31C85 /* AppController.m */; };
		46A64A081148DE6600B31C85 /* WebKit.framework in Frameworks */ = {isa = PBXBuildFile; fileRef = 46A64A071148DE6600B31C85 /* WebKit.framework */; };
		46A64A661148E2CE00B31C85 /* OrderView.html in Resources */ = {isa = PBXBuildFile; fileRef = 46A64A651148E2CE00B31C85 /* OrderView.html */; };
		46A64A7F1148E3F000B31C85 /* MGTemplateEngine.h in Headers */ = {isa = PBXBuildFile; fileRef = 46A64A681148E3EF00B31C85 /* MGTemplateEngine.h */; };
		46A64A801148E3F000B31C85 /* MGTemplateEngine.m in Sources */ = {isa = PBXBuildFile; fileRef = 46A64A691148E3EF00B31C85 /* MGTemplateEngine.m */; };
		46A64A811148E3F000B31C85 /* MGTemplateMarker.h in Headers */ = {isa = PBXBuildFile; fileRef = 46A64A6A1148E3F000B31C85 /* MGTemplateMarker.h */; };
		46A64A821148E3F000B31C85 /* MGTemplateFilter.h in Headers */ = {isa = PBXBuildFile; fileRef = 46A64A6B1148E3F000B31C85 /* MGTemplateFilter.h */; };
		46A64A831148E3F000B31C85 /* MGTemplateStandardMarkers.h in Headers */ = {isa = PBXBuildFile; fileRef = 46A64A6C1148E3F000B31C85 /* MGTemplateStandardMarkers.h */; };
		46A64A841148E3F000B31C85 /* MGTemplateStandardMarkers.m in Sources */ = {isa = PBXBuildFile; fileRef = 46A64A6D1148E3F000B31C85 /* MGTemplateStandardMarkers.m */; };
		46A64A851148E3F000B31C85 /* MGTemplateStandardFilters.h in Headers */ = {isa = PBXBuildFile; fileRef = 46A64A6E1148E3F000B31C85 /* MGTemplateStandardFilters.h */; };
		46A64A861148E3F000B31C85 /* MGTemplateStandardFilters.m in Sources */ = {isa = PBXBuildFile; fileRef = 46A64A6F1148E3F000B31C85 /* MGTemplateStandardFilters.m */; };
		46A64A871148E3F000B31C85 /* ICUTemplateMatcher.h in Headers */ = {isa = PBXBuildFile; fileRef = 46A64A721148E3F000B31C85 /* ICUTemplateMatcher.h */; };
		46A64A881148E3F000B31C85 /* ICUTemplateMatcher.m in Sources */ = {isa = PBXBuildFile; fileRef = 46A64A731148E3F000B31C85 /* ICUTemplateMatcher.m */; };
		46A64A891148E3F000B31C85 /* RegexKitLite.h in Headers */ = {isa = PBXBuildFile; fileRef = 46A64A741148E3F000B31C85 /* RegexKitLite.h */; };
		46A64A8A1148E3F000B31C85 /* RegexKitLite.m in Sources */ = {isa = PBXBuildFile; fileRef = 46A64A751148E3F000B31C85 /* RegexKitLite.m */; };
		46A64A8D1148E3F000B31C85 /* DeepMutableCopy.h in Headers */ = {isa = PBXBuildFile; fileRef = 46A64A7A1148E3F000B31C85 /* DeepMutableCopy.h */; };
		46A64A8E1148E3F000B31C85 /* NSArray_DeepMutableCopy.h in Headers */ = {isa = PBXBuildFile; fileRef = 46A64A7B1148E3F000B31C85 /* NSArray_DeepMutableCopy.h */; };
		46A64A8F1148E3F000B31C85 /* NSArray_DeepMutableCopy.m in Sources */ = {isa = PBXBuildFile; fileRef = 46A64A7C1148E3F000B31C85 /* NSArray_DeepMutableCopy.m */; };
		46A64A901148E3F000B31C85 /* NSDictionary_DeepMutableCopy.h in Headers */ = {isa = PBXBuildFile; fileRef = 46A64A7D1148E3F000B31C85 /* NSDictionary_DeepMutableCopy.h */; };
		46A64A911148E3F000B31C85 /* NSDictionary_DeepMutableCopy.m in Sources */ = {isa = PBXBuildFile; fileRef = 46A64A7E1148E3F000B31C85 /* NSDictionary_DeepMutableCopy.m */; };
		46A64AAE1148EB1300B31C85 /* libicucore.dylib in Frameworks */ = {isa = PBXBuildFile; fileRef = 46A64AAD1148EB1300B31C85 /* libicucore.dylib */; };
		46A64AC81148F1EC00B31C85 /* OrderView.css in Resources */ = {isa = PBXBuildFile; fileRef = 46A64AC71148F1EC00B31C85 /* OrderView.css */; };
		46A64B141148FE8300B31C85 /* jquery-1.4.2.js in Resources */ = {isa = PBXBuildFile; fileRef = 46A64AFC1148FC2900B31C85 /* jquery-1.4.2.js */; };
		46A64BDA114903BD00B31C85 /* MGTemplateEngine README.txt in Resources */ = {isa = PBXBuildFile; fileRef = 46A64BD8114903BD00B31C85 /* MGTemplateEngine README.txt */; };
		46A64BDB114903BD00B31C85 /* Source Code License.rtf in Resources */ = {isa = PBXBuildFile; fileRef = 46A64BD9114903BD00B31C85 /* Source Code License.rtf */; };
		5F6C91BC1717ABFE00241303 /* Security.framework in Frameworks */ = {isa = PBXBuildFile; fileRef = 5F6C91BB1717ABFE00241303 /* Security.framework */; };
		8D11072A0486CEB800E47090 /* MainMenu.nib in Resources */ = {isa = PBXBuildFile; fileRef = 29B97318FDCFA39411CA2CEA /* MainMenu.nib */; };
		8D11072B0486CEB800E47090 /* InfoPlist.strings in Resources */ = {isa = PBXBuildFile; fileRef = 089C165CFE840E0CC02AAC07 /* InfoPlist.strings */; };
		8D11072D0486CEB800E47090 /* main.m in Sources */ = {isa = PBXBuildFile; fileRef = 29B97316FDCFA39411CA2CEA /* main.m */; settings = {ATTRIBUTES = (); }; };
		8D11072F0486CEB800E47090 /* Cocoa.framework in Frameworks */ = {isa = PBXBuildFile; fileRef = 1058C7A1FEA54F0111CA2CBB /* Cocoa.framework */; };
/* End PBXBuildFile section */

/* Begin PBXCopyFilesBuildPhase section */
		46A649D21148D9DF00B31C85 /* Copy Frameworks */ = {
			isa = PBXCopyFilesBuildPhase;
			buildActionMask = 2147483647;
			dstPath = "";
			dstSubfolderSpec = 10;
			files = (
			);
			name = "Copy Frameworks";
			runOnlyForDeploymentPostprocessing = 0;
		};
/* End PBXCopyFilesBuildPhase section */

/* Begin PBXFileReference section */
		089C165DFE840E0CC02AAC07 /* English */ = {isa = PBXFileReference; fileEncoding = 10; lastKnownFileType = text.plist.strings; name = English; path = English.lproj/InfoPlist.strings; sourceTree = "<group>"; };
		1058C7A1FEA54F0111CA2CBB /* Cocoa.framework */ = {isa = PBXFileReference; lastKnownFileType = wrapper.framework; name = Cocoa.framework; path = /System/Library/Frameworks/Cocoa.framework; sourceTree = "<absolute>"; };
		13E42FB307B3F0F600E4EEF1 /* CoreData.framework */ = {isa = PBXFileReference; lastKnownFileType = wrapper.framework; name = CoreData.framework; path = /System/Library/Frameworks/CoreData.framework; sourceTree = "<absolute>"; };
		29B97316FDCFA39411CA2CEA /* main.m */ = {isa = PBXFileReference; fileEncoding = 4; lastKnownFileType = sourcecode.c.objc; path = main.m; sourceTree = "<group>"; };
		29B97319FDCFA39411CA2CEA /* English */ = {isa = PBXFileReference; lastKnownFileType = wrapper.nib; name = English; path = English.lproj/MainMenu.nib; sourceTree = "<group>"; };
		29B97324FDCFA39411CA2CEA /* AppKit.framework */ = {isa = PBXFileReference; lastKnownFileType = wrapper.framework; name = AppKit.framework; path = /System/Library/Frameworks/AppKit.framework; sourceTree = "<absolute>"; };
		29B97325FDCFA39411CA2CEA /* Foundation.framework */ = {isa = PBXFileReference; lastKnownFileType = wrapper.framework; name = Foundation.framework; path = /System/Library/Frameworks/Foundation.framework; sourceTree = "<absolute>"; };
		32CA4F630368D1EE00C91783 /* Example2_Prefix.pch */ = {isa = PBXFileReference; fileEncoding = 4; lastKnownFileType = sourcecode.c.h; path = Example2_Prefix.pch; sourceTree = "<group>"; };
		460325D91158B1FC00A5554B /* IsSecureIcon.png */ = {isa = PBXFileReference; lastKnownFileType = image.png; path = IsSecureIcon.png; sourceTree = "<group>"; };
		464171AA14EC076200F412CC /* FsprgEmbeddedStore.h */ = {isa = PBXFileReference; fileEncoding = 4; lastKnownFileType = sourcecode.c.h; path = FsprgEmbeddedStore.h; sourceTree = "<group>"; };
		464171AB14EC076200F412CC /* FsprgEmbeddedStoreController.h */ = {isa = PBXFileReference; fileEncoding = 4; lastKnownFileType = sourcecode.c.h; path = FsprgEmbeddedStoreController.h; sourceTree = "<group>"; };
		464171AC14EC076200F412CC /* FsprgEmbeddedStoreController.m */ = {isa = PBXFileReference; fileEncoding = 4; lastKnownFileType = sourcecode.c.objc; path = FsprgEmbeddedStoreController.m; sourceTree = "<group>"; };
		464171AD14EC076200F412CC /* FsprgEmbeddedStoreDelegate.h */ = {isa = PBXFileReference; fileEncoding = 4; lastKnownFileType = sourcecode.c.h; path = FsprgEmbeddedStoreDelegate.h; sourceTree = "<group>"; };
		464171AE14EC076200F412CC /* FsprgOrderDocumentRepresentation.h */ = {isa = PBXFileReference; fileEncoding = 4; lastKnownFileType = sourcecode.c.h; path = FsprgOrderDocumentRepresentation.h; sourceTree = "<group>"; };
		464171AF14EC076200F412CC /* FsprgOrderDocumentRepresentation.m */ = {isa = PBXFileReference; fileEncoding = 4; lastKnownFileType = sourcecode.c.objc; path = FsprgOrderDocumentRepresentation.m; sourceTree = "<group>"; };
		464171B014EC076200F412CC /* FsprgOrderView.h */ = {isa = PBXFileReference; fileEncoding = 4; lastKnownFileType = sourcecode.c.h; path = FsprgOrderView.h; sourceTree = "<group>"; };
		464171B114EC076200F412CC /* FsprgOrderView.m */ = {isa = PBXFileReference; fileEncoding = 4; lastKnownFileType = sourcecode.c.objc; path = FsprgOrderView.m; sourceTree = "<group>"; };
		464171B214EC076200F412CC /* FsprgStoreParameters.h */ = {isa = PBXFileReference; fileEncoding = 4; lastKnownFileType = sourcecode.c.h; path = FsprgStoreParameters.h; sourceTree = "<group>"; };
		464171B314EC076200F412CC /* FsprgStoreParameters.m */ = {isa = PBXFileReference; fileEncoding = 4; lastKnownFileType = sourcecode.c.objc; path = FsprgStoreParameters.m; sourceTree = "<group>"; };
		464171B514EC076200F412CC /* FsprgFileDownload.h */ = {isa = PBXFileReference; fileEncoding = 4; lastKnownFileType = sourcecode.c.h; path = FsprgFileDownload.h; sourceTree = "<group>"; };
		464171B614EC076200F412CC /* FsprgFileDownload.m */ = {isa = PBXFileReference; fileEncoding = 4; lastKnownFileType = sourcecode.c.objc; path = FsprgFileDownload.m; sourceTree = "<group>"; };
		464171B714EC076200F412CC /* FsprgFulfillment.h */ = {isa = PBXFileReference; fileEncoding = 4; lastKnownFileType = sourcecode.c.h; path = FsprgFulfillment.h; sourceTree = "<group>"; };
		464171B814EC076200F412CC /* FsprgFulfillment.m */ = {isa = PBXFileReference; fileEncoding = 4; lastKnownFileType = sourcecode.c.objc; path = FsprgFulfillment.m; sourceTree = "<group>"; };
		464171B914EC076200F412CC /* FsprgLicense.h */ = {isa = PBXFileReference; fileEncoding = 4; lastKnownFileType = sourcecode.c.h; path = FsprgLicense.h; sourceTree = "<group>"; };
		464171BA14EC076200F412CC /* FsprgLicense.m */ = {isa = PBXFileReference; fileEncoding = 4; lastKnownFileType = sourcecode.c.objc; path = FsprgLicense.m; sourceTree = "<group>"; };
		464171BB14EC076200F412CC /* FsprgOrder.h */ = {isa = PBXFileReference; fileEncoding = 4; lastKnownFileType = sourcecode.c.h; path = FsprgOrder.h; sourceTree = "<group>"; };
		464171BC14EC076200F412CC /* FsprgOrder.m */ = {isa = PBXFileReference; fileEncoding = 4; lastKnownFileType = sourcecode.c.objc; path = FsprgOrder.m; sourceTree = "<group>"; };
		464171BD14EC076200F412CC /* FsprgOrderItem.h */ = {isa = PBXFileReference; fileEncoding = 4; lastKnownFileType = sourcecode.c.h; path = FsprgOrderItem.h; sourceTree = "<group>"; };
		464171BE14EC076200F412CC /* FsprgOrderItem.m */ = {isa = PBXFileReference; fileEncoding = 4; lastKnownFileType = sourcecode.c.objc; path = FsprgOrderItem.m; sourceTree = "<group>"; };
		4684D97E114A32F500CFE920 /* APPL.icns */ = {isa = PBXFileReference; lastKnownFileType = image.icns; path = APPL.icns; sourceTree = "<group>"; };
		46A649D41148DA0300B31C85 /* AppController.h */ = {isa = PBXFileReference; fileEncoding = 4; lastKnownFileType = sourcecode.c.h; path = AppController.h; sourceTree = "<group>"; };
		46A649D51148DA0300B31C85 /* AppController.m */ = {isa = PBXFileReference; fileEncoding = 4; lastKnownFileType = sourcecode.c.objc; path = AppController.m; sourceTree = "<group>"; };
		46A64A071148DE6600B31C85 /* WebKit.framework */ = {isa = PBXFileReference; lastKnownFileType = wrapper.framework; name = WebKit.framework; path = System/Library/Frameworks/WebKit.framework; sourceTree = SDKROOT; };
		46A64A651148E2CE00B31C85 /* OrderView.html */ = {isa = PBXFileReference; fileEncoding = 4; lastKnownFileType = text.html; path = OrderView.html; sourceTree = "<group>"; };
		46A64A681148E3EF00B31C85 /* MGTemplateEngine.h */ = {isa = PBXFileReference; fileEncoding = 4; lastKnownFileType = sourcecode.c.h; path = MGTemplateEngine.h; sourceTree = SOURCE_ROOT; };
		46A64A691148E3EF00B31C85 /* MGTemplateEngine.m */ = {isa = PBXFileReference; fileEncoding = 4; lastKnownFileType = sourcecode.c.objc; path = MGTemplateEngine.m; sourceTree = SOURCE_ROOT; };
		46A64A6A1148E3F000B31C85 /* MGTemplateMarker.h */ = {isa = PBXFileReference; fileEncoding = 4; lastKnownFileType = sourcecode.c.h; path = MGTemplateMarker.h; sourceTree = SOURCE_ROOT; };
		46A64A6B1148E3F000B31C85 /* MGTemplateFilter.h */ = {isa = PBXFileReference; fileEncoding = 4; lastKnownFileType = sourcecode.c.h; path = MGTemplateFilter.h; sourceTree = SOURCE_ROOT; };
		46A64A6C1148E3F000B31C85 /* MGTemplateStandardMarkers.h */ = {isa = PBXFileReference; fileEncoding = 4; lastKnownFileType = sourcecode.c.h; path = MGTemplateStandardMarkers.h; sourceTree = SOURCE_ROOT; };
		46A64A6D1148E3F000B31C85 /* MGTemplateStandardMarkers.m */ = {isa = PBXFileReference; fileEncoding = 4; lastKnownFileType = sourcecode.c.objc; path = MGTemplateStandardMarkers.m; sourceTree = SOURCE_ROOT; };
		46A64A6E1148E3F000B31C85 /* MGTemplateStandardFilters.h */ = {isa = PBXFileReference; fileEncoding = 4; lastKnownFileType = sourcecode.c.h; path = MGTemplateStandardFilters.h; sourceTree = SOURCE_ROOT; };
		46A64A6F1148E3F000B31C85 /* MGTemplateStandardFilters.m */ = {isa = PBXFileReference; fileEncoding = 4; lastKnownFileType = sourcecode.c.objc; path = MGTemplateStandardFilters.m; sourceTree = SOURCE_ROOT; };
		46A64A721148E3F000B31C85 /* ICUTemplateMatcher.h */ = {isa = PBXFileReference; fileEncoding = 4; lastKnownFileType = sourcecode.c.h; path = ICUTemplateMatcher.h; sourceTree = SOURCE_ROOT; };
		46A64A731148E3F000B31C85 /* ICUTemplateMatcher.m */ = {isa = PBXFileReference; fileEncoding = 4; lastKnownFileType = sourcecode.c.objc; path = ICUTemplateMatcher.m; sourceTree = SOURCE_ROOT; };
		46A64A741148E3F000B31C85 /* RegexKitLite.h */ = {isa = PBXFileReference; fileEncoding = 4; lastKnownFileType = sourcecode.c.h; path = RegexKitLite.h; sourceTree = SOURCE_ROOT; };
		46A64A751148E3F000B31C85 /* RegexKitLite.m */ = {isa = PBXFileReference; fileEncoding = 4; lastKnownFileType = sourcecode.c.objc; path = RegexKitLite.m; sourceTree = SOURCE_ROOT; };
		46A64A7A1148E3F000B31C85 /* DeepMutableCopy.h */ = {isa = PBXFileReference; fileEncoding = 4; lastKnownFileType = sourcecode.c.h; path = DeepMutableCopy.h; sourceTree = SOURCE_ROOT; };
		46A64A7B1148E3F000B31C85 /* NSArray_DeepMutableCopy.h */ = {isa = PBXFileReference; fileEncoding = 4; lastKnownFileType = sourcecode.c.h; path = NSArray_DeepMutableCopy.h; sourceTree = SOURCE_ROOT; };
		46A64A7C1148E3F000B31C85 /* NSArray_DeepMutableCopy.m */ = {isa = PBXFileReference; fileEncoding = 4; lastKnownFileType = sourcecode.c.objc; path = NSArray_DeepMutableCopy.m; sourceTree = SOURCE_ROOT; };
		46A64A7D1148E3F000B31C85 /* NSDictionary_DeepMutableCopy.h */ = {isa = PBXFileReference; fileEncoding = 4; lastKnownFileType = sourcecode.c.h; path = NSDictionary_DeepMutableCopy.h; sourceTree = SOURCE_ROOT; };
		46A64A7E1148E3F000B31C85 /* NSDictionary_DeepMutableCopy.m */ = {isa = PBXFileReference; fileEncoding = 4; lastKnownFileType = sourcecode.c.objc; path = NSDictionary_DeepMutableCopy.m; sourceTree = SOURCE_ROOT; };
		46A64AAD1148EB1300B31C85 /* libicucore.dylib */ = {isa = PBXFileReference; lastKnownFileType = "compiled.mach-o.dylib"; name = libicucore.dylib; path = usr/lib/libicucore.dylib; sourceTree = SDKROOT; };
		46A64AC71148F1EC00B31C85 /* OrderView.css */ = {isa = PBXFileReference; fileEncoding = 4; lastKnownFileType = text.css; path = OrderView.css; sourceTree = "<group>"; };
		46A64AFC1148FC2900B31C85 /* jquery-1.4.2.js */ = {isa = PBXFileReference; fileEncoding = 4; lastKnownFileType = sourcecode.javascript; path = "jquery-1.4.2.js"; sourceTree = SOURCE_ROOT; };
		46A64BD8114903BD00B31C85 /* MGTemplateEngine README.txt */ = {isa = PBXFileReference; fileEncoding = 4; lastKnownFileType = text; path = "MGTemplateEngine README.txt"; sourceTree = SOURCE_ROOT; };
		46A64BD9114903BD00B31C85 /* Source Code License.rtf */ = {isa = PBXFileReference; lastKnownFileType = text.rtf; path = "Source Code License.rtf"; sourceTree = SOURCE_ROOT; };
		5F6C91BB1717ABFE00241303 /* Security.framework */ = {isa = PBXFileReference; lastKnownFileType = wrapper.framework; name = Security.framework; path = /System/Library/Frameworks/Security.framework; sourceTree = "<absolute>"; };
		8D1107310486CEB800E47090 /* Info.plist */ = {isa = PBXFileReference; fileEncoding = 4; lastKnownFileType = text.plist.xml; path = Info.plist; sourceTree = "<group>"; };
		8D1107320486CEB800E47090 /* Example2.app */ = {isa = PBXFileReference; explicitFileType = wrapper.application; includeInIndex = 0; path = Example2.app; sourceTree = BUILT_PRODUCTS_DIR; };
/* End PBXFileReference section */

/* Begin PBXFrameworksBuildPhase section */
		8D11072E0486CEB800E47090 /* Frameworks */ = {
			isa = PBXFrameworksBuildPhase;
			buildActionMask = 2147483647;
			files = (
				5F6C91BC1717ABFE00241303 /* Security.framework in Frameworks */,
				8D11072F0486CEB800E47090 /* Cocoa.framework in Frameworks */,
				46A64A081148DE6600B31C85 /* WebKit.framework in Frameworks */,
				46A64AAE1148EB1300B31C85 /* libicucore.dylib in Frameworks */,
			);
			runOnlyForDeploymentPostprocessing = 0;
		};
/* End PBXFrameworksBuildPhase section */

/* Begin PBXGroup section */
		080E96DDFE201D6D7F000001 /* Classes */ = {
			isa = PBXGroup;
			children = (
				46A649D41148DA0300B31C85 /* AppController.h */,
				46A649D51148DA0300B31C85 /* AppController.m */,
				46A64A671148E3EF00B31C85 /* MGTemplateEngine */,
			);
			name = Classes;
			sourceTree = "<group>";
		};
		1058C7A0FEA54F0111CA2CBB /* Linked Frameworks */ = {
			isa = PBXGroup;
			children = (
				1058C7A1FEA54F0111CA2CBB /* Cocoa.framework */,
				46A64A071148DE6600B31C85 /* WebKit.framework */,
				5F6C91BB1717ABFE00241303 /* Security.framework */,
				46A64AAD1148EB1300B31C85 /* libicucore.dylib */,
			);
			name = "Linked Frameworks";
			sourceTree = "<group>";
		};
		1058C7A2FEA54F0111CA2CBB /* Other Frameworks */ = {
			isa = PBXGroup;
			children = (
				29B97324FDCFA39411CA2CEA /* AppKit.framework */,
				13E42FB307B3F0F600E4EEF1 /* CoreData.framework */,
				29B97325FDCFA39411CA2CEA /* Foundation.framework */,
			);
			name = "Other Frameworks";
			sourceTree = "<group>";
		};
		19C28FACFE9D520D11CA2CBB /* Products */ = {
			isa = PBXGroup;
			children = (
				8D1107320486CEB800E47090 /* Example2.app */,
			);
			name = Products;
			sourceTree = "<group>";
		};
		29B97314FDCFA39411CA2CEA /* Example2 */ = {
			isa = PBXGroup;
			children = (
				080E96DDFE201D6D7F000001 /* Classes */,
				29B97315FDCFA39411CA2CEA /* Other Sources */,
				29B97317FDCFA39411CA2CEA /* Resources */,
				464171A914EC076200F412CC /* FsprgEmbeddedStore */,
				29B97323FDCFA39411CA2CEA /* Frameworks */,
				19C28FACFE9D520D11CA2CBB /* Products */,
			);
			name = Example2;
			sourceTree = "<group>";
		};
		29B97315FDCFA39411CA2CEA /* Other Sources */ = {
			isa = PBXGroup;
			children = (
				32CA4F630368D1EE00C91783 /* Example2_Prefix.pch */,
				29B97316FDCFA39411CA2CEA /* main.m */,
			);
			name = "Other Sources";
			sourceTree = "<group>";
		};
		29B97317FDCFA39411CA2CEA /* Resources */ = {
			isa = PBXGroup;
			children = (
				8D1107310486CEB800E47090 /* Info.plist */,
				089C165CFE840E0CC02AAC07 /* InfoPlist.strings */,
				29B97318FDCFA39411CA2CEA /* MainMenu.nib */,
				46A64A651148E2CE00B31C85 /* OrderView.html */,
				46A64AC71148F1EC00B31C85 /* OrderView.css */,
				46A64AFC1148FC2900B31C85 /* jquery-1.4.2.js */,
				4684D97E114A32F500CFE920 /* APPL.icns */,
				460325D91158B1FC00A5554B /* IsSecureIcon.png */,
			);
			name = Resources;
			sourceTree = "<group>";
		};
		29B97323FDCFA39411CA2CEA /* Frameworks */ = {
			isa = PBXGroup;
			children = (
				1058C7A0FEA54F0111CA2CBB /* Linked Frameworks */,
				1058C7A2FEA54F0111CA2CBB /* Other Frameworks */,
			);
			name = Frameworks;
			sourceTree = "<group>";
		};
		464171A914EC076200F412CC /* FsprgEmbeddedStore */ = {
			isa = PBXGroup;
			children = (
				464171AA14EC076200F412CC /* FsprgEmbeddedStore.h */,
				464171AB14EC076200F412CC /* FsprgEmbeddedStoreController.h */,
				464171AC14EC076200F412CC /* FsprgEmbeddedStoreController.m */,
				464171AD14EC076200F412CC /* FsprgEmbeddedStoreDelegate.h */,
				464171AE14EC076200F412CC /* FsprgOrderDocumentRepresentation.h */,
				464171AF14EC076200F412CC /* FsprgOrderDocumentRepresentation.m */,
				464171B014EC076200F412CC /* FsprgOrderView.h */,
				464171B114EC076200F412CC /* FsprgOrderView.m */,
				464171B214EC076200F412CC /* FsprgStoreParameters.h */,
				464171B314EC076200F412CC /* FsprgStoreParameters.m */,
				464171B414EC076200F412CC /* Model */,
			);
			name = FsprgEmbeddedStore;
			path = ../FsprgEmbeddedStore;
			sourceTree = "<group>";
		};
		464171B414EC076200F412CC /* Model */ = {
			isa = PBXGroup;
			children = (
				464171B514EC076200F412CC /* FsprgFileDownload.h */,
				464171B614EC076200F412CC /* FsprgFileDownload.m */,
				464171B714EC076200F412CC /* FsprgFulfillment.h */,
				464171B814EC076200F412CC /* FsprgFulfillment.m */,
				464171B914EC076200F412CC /* FsprgLicense.h */,
				464171BA14EC076200F412CC /* FsprgLicense.m */,
				464171BB14EC076200F412CC /* FsprgOrder.h */,
				464171BC14EC076200F412CC /* FsprgOrder.m */,
				464171BD14EC076200F412CC /* FsprgOrderItem.h */,
				464171BE14EC076200F412CC /* FsprgOrderItem.m */,
			);
			path = Model;
			sourceTree = "<group>";
		};
		46A64A671148E3EF00B31C85 /* MGTemplateEngine */ = {
			isa = PBXGroup;
			children = (
				46A64BD8114903BD00B31C85 /* MGTemplateEngine README.txt */,
				46A64BD9114903BD00B31C85 /* Source Code License.rtf */,
				46A64A791148E3F000B31C85 /* DeepMutableCopy */,
				46A64A701148E3F000B31C85 /* Matchers */,
				46A64A681148E3EF00B31C85 /* MGTemplateEngine.h */,
				46A64A691148E3EF00B31C85 /* MGTemplateEngine.m */,
				46A64A6A1148E3F000B31C85 /* MGTemplateMarker.h */,
				46A64A6B1148E3F000B31C85 /* MGTemplateFilter.h */,
				46A64A6C1148E3F000B31C85 /* MGTemplateStandardMarkers.h */,
				46A64A6D1148E3F000B31C85 /* MGTemplateStandardMarkers.m */,
				46A64A6E1148E3F000B31C85 /* MGTemplateStandardFilters.h */,
				46A64A6F1148E3F000B31C85 /* MGTemplateStandardFilters.m */,
			);
			name = MGTemplateEngine;
			sourceTree = SOURCE_ROOT;
		};
		46A64A701148E3F000B31C85 /* Matchers */ = {
			isa = PBXGroup;
			children = (
				46A64A711148E3F000B31C85 /* RegexKitLite */,
			);
			name = Matchers;
			sourceTree = SOURCE_ROOT;
		};
		46A64A711148E3F000B31C85 /* RegexKitLite */ = {
			isa = PBXGroup;
			children = (
				46A64A721148E3F000B31C85 /* ICUTemplateMatcher.h */,
				46A64A731148E3F000B31C85 /* ICUTemplateMatcher.m */,
				46A64A741148E3F000B31C85 /* RegexKitLite.h */,
				46A64A751148E3F000B31C85 /* RegexKitLite.m */,
			);
			name = RegexKitLite;
			sourceTree = SOURCE_ROOT;
		};
		46A64A791148E3F000B31C85 /* DeepMutableCopy */ = {
			isa = PBXGroup;
			children = (
				46A64A7A1148E3F000B31C85 /* DeepMutableCopy.h */,
				46A64A7B1148E3F000B31C85 /* NSArray_DeepMutableCopy.h */,
				46A64A7C1148E3F000B31C85 /* NSArray_DeepMutableCopy.m */,
				46A64A7D1148E3F000B31C85 /* NSDictionary_DeepMutableCopy.h */,
				46A64A7E1148E3F000B31C85 /* NSDictionary_DeepMutableCopy.m */,
			);
			name = DeepMutableCopy;
			sourceTree = SOURCE_ROOT;
		};
/* End PBXGroup section */

/* Begin PBXHeadersBuildPhase section */
		46A649D31148D9DF00B31C85 /* Headers */ = {
			isa = PBXHeadersBuildPhase;
			buildActionMask = 2147483647;
			files = (
				46A649D61148DA0300B31C85 /* AppController.h in Headers */,
				46A64A7F1148E3F000B31C85 /* MGTemplateEngine.h in Headers */,
				46A64A811148E3F000B31C85 /* MGTemplateMarker.h in Headers */,
				46A64A821148E3F000B31C85 /* MGTemplateFilter.h in Headers */,
				46A64A831148E3F000B31C85 /* MGTemplateStandardMarkers.h in Headers */,
				46A64A851148E3F000B31C85 /* MGTemplateStandardFilters.h in Headers */,
				46A64A871148E3F000B31C85 /* ICUTemplateMatcher.h in Headers */,
				46A64A891148E3F000B31C85 /* RegexKitLite.h in Headers */,
				46A64A8D1148E3F000B31C85 /* DeepMutableCopy.h in Headers */,
				46A64A8E1148E3F000B31C85 /* NSArray_DeepMutableCopy.h in Headers */,
				46A64A901148E3F000B31C85 /* NSDictionary_DeepMutableCopy.h in Headers */,
				464171C614EC076200F412CC /* FsprgEmbeddedStore.h in Headers */,
				464171C714EC076200F412CC /* FsprgEmbeddedStoreController.h in Headers */,
				464171C914EC076200F412CC /* FsprgEmbeddedStoreDelegate.h in Headers */,
				464171CA14EC076200F412CC /* FsprgOrderDocumentRepresentation.h in Headers */,
				464171CC14EC076200F412CC /* FsprgOrderView.h in Headers */,
				464171CE14EC076200F412CC /* FsprgStoreParameters.h in Headers */,
				464171D014EC076200F412CC /* FsprgFileDownload.h in Headers */,
				464171D214EC076200F412CC /* FsprgFulfillment.h in Headers */,
				464171D414EC076200F412CC /* FsprgLicense.h in Headers */,
				464171D614EC076200F412CC /* FsprgOrder.h in Headers */,
				464171D814EC076200F412CC /* FsprgOrderItem.h in Headers */,
			);
			runOnlyForDeploymentPostprocessing = 0;
		};
/* End PBXHeadersBuildPhase section */

/* Begin PBXNativeTarget section */
		8D1107260486CEB800E47090 /* Example2 */ = {
			isa = PBXNativeTarget;
			buildConfigurationList = C01FCF4A08A954540054247B /* Build configuration list for PBXNativeTarget "Example2" */;
			buildPhases = (
				8D1107290486CEB800E47090 /* Resources */,
				8D11072C0486CEB800E47090 /* Sources */,
				8D11072E0486CEB800E47090 /* Frameworks */,
				46A649D21148D9DF00B31C85 /* Copy Frameworks */,
				46A649D31148D9DF00B31C85 /* Headers */,
			);
			buildRules = (
			);
			dependencies = (
			);
			name = Example2;
			productInstallPath = "$(HOME)/Applications";
			productName = Example2;
			productReference = 8D1107320486CEB800E47090 /* Example2.app */;
			productType = "com.apple.product-type.application";
		};
/* End PBXNativeTarget section */

/* Begin PBXProject section */
		29B97313FDCFA39411CA2CEA /* Project object */ = {
			isa = PBXProject;
			attributes = {
				LastUpgradeCheck = 0440;
				ORGANIZATIONNAME = FastSpring;
			};
			buildConfigurationList = C01FCF4E08A954540054247B /* Build configuration list for PBXProject "Example2" */;
			compatibilityVersion = "Xcode 3.2";
			developmentRegion = English;
			hasScannedForEncodings = 1;
			knownRegions = (
				English,
				Japanese,
				French,
				German,
			);
			mainGroup = 29B97314FDCFA39411CA2CEA /* Example2 */;
			projectDirPath = "";
			projectRoot = "";
			targets = (
				8D1107260486CEB800E47090 /* Example2 */,
			);
		};
/* End PBXProject section */

/* Begin PBXResourcesBuildPhase section */
		8D1107290486CEB800E47090 /* Resources */ = {
			isa = PBXResourcesBuildPhase;
			buildActionMask = 2147483647;
			files = (
				46A64B141148FE8300B31C85 /* jquery-1.4.2.js in Resources */,
				8D11072A0486CEB800E47090 /* MainMenu.nib in Resources */,
				8D11072B0486CEB800E47090 /* InfoPlist.strings in Resources */,
				46A64A661148E2CE00B31C85 /* OrderView.html in Resources */,
				46A64AC81148F1EC00B31C85 /* OrderView.css in Resources */,
				46A64BDA114903BD00B31C85 /* MGTemplateEngine README.txt in Resources */,
				46A64BDB114903BD00B31C85 /* Source Code License.rtf in Resources */,
				4684D97F114A32F500CFE920 /* APPL.icns in Resources */,
				460325DB1158B1FC00A5554B /* IsSecureIcon.png in Resources */,
			);
			runOnlyForDeploymentPostprocessing = 0;
		};
/* End PBXResourcesBuildPhase section */

/* Begin PBXSourcesBuildPhase section */
		8D11072C0486CEB800E47090 /* Sources */ = {
			isa = PBXSourcesBuildPhase;
			buildActionMask = 2147483647;
			files = (
				8D11072D0486CEB800E47090 /* main.m in Sources */,
				46A649D71148DA0300B31C85 /* AppController.m in Sources */,
				46A64A801148E3F000B31C85 /* MGTemplateEngine.m in Sources */,
				46A64A841148E3F000B31C85 /* MGTemplateStandardMarkers.m in Sources */,
				46A64A861148E3F000B31C85 /* MGTemplateStandardFilters.m in Sources */,
				46A64A881148E3F000B31C85 /* ICUTemplateMatcher.m in Sources */,
				46A64A8A1148E3F000B31C85 /* RegexKitLite.m in Sources */,
				46A64A8F1148E3F000B31C85 /* NSArray_DeepMutableCopy.m in Sources */,
				46A64A911148E3F000B31C85 /* NSDictionary_DeepMutableCopy.m in Sources */,
				464171C814EC076200F412CC /* FsprgEmbeddedStoreController.m in Sources */,
				464171CB14EC076200F412CC /* FsprgOrderDocumentRepresentation.m in Sources */,
				464171CD14EC076200F412CC /* FsprgOrderView.m in Sources */,
				464171CF14EC076200F412CC /* FsprgStoreParameters.m in Sources */,
				464171D114EC076200F412CC /* FsprgFileDownload.m in Sources */,
				464171D314EC076200F412CC /* FsprgFulfillment.m in Sources */,
				464171D514EC076200F412CC /* FsprgLicense.m in Sources */,
				464171D714EC076200F412CC /* FsprgOrder.m in Sources */,
				464171D914EC076200F412CC /* FsprgOrderItem.m in Sources */,
			);
			runOnlyForDeploymentPostprocessing = 0;
		};
/* End PBXSourcesBuildPhase section */

/* Begin PBXVariantGroup section */
		089C165CFE840E0CC02AAC07 /* InfoPlist.strings */ = {
			isa = PBXVariantGroup;
			children = (
				089C165DFE840E0CC02AAC07 /* English */,
			);
			name = InfoPlist.strings;
			sourceTree = "<group>";
		};
		29B97318FDCFA39411CA2CEA /* MainMenu.nib */ = {
			isa = PBXVariantGroup;
			children = (
				29B97319FDCFA39411CA2CEA /* English */,
			);
			name = MainMenu.nib;
			sourceTree = "<group>";
		};
/* End PBXVariantGroup section */

/* Begin XCBuildConfiguration section */
		C01FCF4B08A954540054247B /* Debug */ = {
			isa = XCBuildConfiguration;
			buildSettings = {
				COMBINE_HIDPI_IMAGES = YES;
				GCC_PRECOMPILE_PREFIX_HEADER = YES;
				GCC_PREFIX_HEADER = Example2_Prefix.pch;
				GCC_VERSION = com.apple.compilers.llvm.clang.1_0;
				INFOPLIST_FILE = Info.plist;
				PRODUCT_NAME = Example2;
				WRAPPER_EXTENSION = app;
			};
			name = Debug;
		};
		C01FCF4C08A954540054247B /* Release */ = {
			isa = XCBuildConfiguration;
			buildSettings = {
				COMBINE_HIDPI_IMAGES = YES;
				GCC_PRECOMPILE_PREFIX_HEADER = YES;
				GCC_PREFIX_HEADER = Example2_Prefix.pch;
				GCC_VERSION = com.apple.compilers.llvm.clang.1_0;
				INFOPLIST_FILE = Info.plist;
				PRODUCT_NAME = Example2;
				WRAPPER_EXTENSION = app;
			};
			name = Release;
		};
		C01FCF4F08A954540054247B /* Debug */ = {
			isa = XCBuildConfiguration;
			buildSettings = {
				GCC_WARN_ABOUT_RETURN_TYPE = YES;
				GCC_WARN_UNUSED_VARIABLE = YES;
			};
			name = Debug;
		};
		C01FCF5008A954540054247B /* Release */ = {
			isa = XCBuildConfiguration;
			buildSettings = {
				GCC_WARN_ABOUT_RETURN_TYPE = YES;
				GCC_WARN_UNUSED_VARIABLE = YES;
			};
			name = Release;
		};
/* End XCBuildConfiguration section */

/* Begin XCConfigurationList section */
		C01FCF4A08A954540054247B /* Build configuration list for PBXNativeTarget "Example2" */ = {
			isa = XCConfigurationList;
			buildConfigurations = (
				C01FCF4B08A954540054247B /* Debug */,
				C01FCF4C08A954540054247B /* Release */,
			);
			defaultConfigurationIsVisible = 0;
			defaultConfigurationName = Release;
		};
		C01FCF4E08A954540054247B /* Build configuration list for PBXProject "Example2" */ = {
			isa = XCConfigurationList;
			buildConfigurations = (
				C01FCF4F08A954540054247B /* Debug */,
				C01FCF5008A954540054247B /* Release */,
			);
			defaultConfigurationIsVisible = 0;
			defaultConfigurationName = Release;
		};
/* End XCConfigurationList section */
	};
	rootObject = 29B97313FDCFA39411CA2CEA /* Project object */;
}
