// !$*UTF8*$!
{
	archiveVersion = 1;
	classes = {
	};
	objectVersion = 46;
	objects = {

/* Begin PBXBuildFile section */
		4603260B1158B36000A5554B /* IsSecureIcon.png in Resources */ = {isa = PBXBuildFile; fileRef = 460326091158B35F00A5554B /* IsSecureIcon.png */; };
		460C4B36172ECAF800E97DF9 /* Security.framework in Frameworks */ = {isa = PBXBuildFile; fileRef = 460C4B35172ECAF800E97DF9 /* Security.framework */; };
		4641720214EC085400F412CC /* FsprgEmbeddedStore.h in Headers */ = {isa = PBXBuildFile; fileRef = 464171E614EC085400F412CC /* FsprgEmbeddedStore.h */; };
		4641720314EC085400F412CC /* FsprgEmbeddedStoreController.h in Headers */ = {isa = PBXBuildFile; fileRef = 464171E714EC085400F412CC /* FsprgEmbeddedStoreController.h */; };
		4641720414EC085400F412CC /* FsprgEmbeddedStoreController.m in Sources */ = {isa = PBXBuildFile; fileRef = 464171E814EC085400F412CC /* FsprgEmbeddedStoreController.m */; };
		4641720514EC085400F412CC /* FsprgEmbeddedStoreDelegate.h in Headers */ = {isa = PBXBuildFile; fileRef = 464171E914EC085400F412CC /* FsprgEmbeddedStoreDelegate.h */; };
		4641720614EC085400F412CC /* FsprgOrderDocumentRepresentation.h in Headers */ = {isa = PBXBuildFile; fileRef = 464171EA14EC085400F412CC /* FsprgOrderDocumentRepresentation.h */; };
		4641720714EC085400F412CC /* FsprgOrderDocumentRepresentation.m in Sources */ = {isa = PBXBuildFile; fileRef = 464171EB14EC085400F412CC /* FsprgOrderDocumentRepresentation.m */; };
		4641720814EC085400F412CC /* FsprgOrderView.h in Headers */ = {isa = PBXBuildFile; fileRef = 464171EC14EC085400F412CC /* FsprgOrderView.h */; };
		4641720914EC085400F412CC /* FsprgOrderView.m in Sources */ = {isa = PBXBuildFile; fileRef = 464171ED14EC085400F412CC /* FsprgOrderView.m */; };
		4641720A14EC085400F412CC /* FsprgStoreParameters.h in Headers */ = {isa = PBXBuildFile; fileRef = 464171EE14EC085400F412CC /* FsprgStoreParameters.h */; };
		4641720B14EC085400F412CC /* FsprgStoreParameters.m in Sources */ = {isa = PBXBuildFile; fileRef = 464171EF14EC085400F412CC /* FsprgStoreParameters.m */; };
		4641720C14EC085400F412CC /* FsprgFileDownload.h in Headers */ = {isa = PBXBuildFile; fileRef = 464171F114EC085400F412CC /* FsprgFileDownload.h */; };
		4641720D14EC085400F412CC /* FsprgFileDownload.m in Sources */ = {isa = PBXBuildFile; fileRef = 464171F214EC085400F412CC /* FsprgFileDownload.m */; };
		4641720E14EC085400F412CC /* FsprgFulfillment.h in Headers */ = {isa = PBXBuildFile; fileRef = 464171F314EC085400F412CC /* FsprgFulfillment.h */; };
		4641720F14EC085400F412CC /* FsprgFulfillment.m in Sources */ = {isa = PBXBuildFile; fileRef = 464171F414EC085400F412CC /* FsprgFulfillment.m */; };
		4641721014EC085400F412CC /* FsprgLicense.h in Headers */ = {isa = PBXBuildFile; fileRef = 464171F514EC085400F412CC /* FsprgLicense.h */; };
		4641721114EC085400F412CC /* FsprgLicense.m in Sources */ = {isa = PBXBuildFile; fileRef = 464171F614EC085400F412CC /* FsprgLicense.m */; };
		4641721214EC085400F412CC /* FsprgOrder.h in Headers */ = {isa = PBXBuildFile; fileRef = 464171F714EC085400F412CC /* FsprgOrder.h */; };
		4641721314EC085400F412CC /* FsprgOrder.m in Sources */ = {isa = PBXBuildFile; fileRef = 464171F814EC085400F412CC /* FsprgOrder.m */; };
		4641721414EC085400F412CC /* FsprgOrderItem.h in Headers */ = {isa = PBXBuildFile; fileRef = 464171F914EC085400F412CC /* FsprgOrderItem.h */; };
		4641721514EC085400F412CC /* FsprgOrderItem.m in Sources */ = {isa = PBXBuildFile; fileRef = 464171FA14EC085400F412CC /* FsprgOrderItem.m */; };
		4641721C14EC08E900F412CC /* WebKit.framework in Frameworks */ = {isa = PBXBuildFile; fileRef = 4641721B14EC08E900F412CC /* WebKit.framework */; };
		4684D94D114A31F300CFE920 /* APPL.icns in Resources */ = {isa = PBXBuildFile; fileRef = 4684D94C114A31F300CFE920 /* APPL.icns */; };
		46886FB211481087000BC887 /* OrderView.h in Headers */ = {isa = PBXBuildFile; fileRef = 46886FB011481087000BC887 /* OrderView.h */; };
		46886FB311481087000BC887 /* OrderView.m in Sources */ = {isa = PBXBuildFile; fileRef = 46886FB111481087000BC887 /* OrderView.m */; };
		46CB777713F53A9000C768F5 /* toolbarPreview.png in Resources */ = {isa = PBXBuildFile; fileRef = 46CB777613F53A9000C768F5 /* toolbarPreview.png */; };
		46F4DFB9113EDD7C00ECAFE6 /* AppController.h in Headers */ = {isa = PBXBuildFile; fileRef = 46F4DFB5113EDD7C00ECAFE6 /* AppController.h */; };
		46F4DFBA113EDD7C00ECAFE6 /* AppController.m in Sources */ = {isa = PBXBuildFile; fileRef = 46F4DFB6113EDD7C00ECAFE6 /* AppController.m */; };
		46F4DFBB113EDD7C00ECAFE6 /* OrderViewController.h in Headers */ = {isa = PBXBuildFile; fileRef = 46F4DFB7113EDD7C00ECAFE6 /* OrderViewController.h */; };
		46F4DFBC113EDD7C00ECAFE6 /* OrderViewController.m in Sources */ = {isa = PBXBuildFile; fileRef = 46F4DFB8113EDD7C00ECAFE6 /* OrderViewController.m */; };
		46F4E25A1140675000ECAFE6 /* OrderView.xib in Resources */ = {isa = PBXBuildFile; fileRef = 46F4E2591140675000ECAFE6 /* OrderView.xib */; };
		8D11072A0486CEB800E47090 /* MainMenu.nib in Resources */ = {isa = PBXBuildFile; fileRef = 29B97318FDCFA39411CA2CEA /* MainMenu.nib */; };
		8D11072B0486CEB800E47090 /* InfoPlist.strings in Resources */ = {isa = PBXBuildFile; fileRef = 089C165CFE840E0CC02AAC07 /* InfoPlist.strings */; };
		8D11072D0486CEB800E47090 /* main.m in Sources */ = {isa = PBXBuildFile; fileRef = 29B97316FDCFA39411CA2CEA /* main.m */; settings = {ATTRIBUTES = (); }; };
		8D11072F0486CEB800E47090 /* Cocoa.framework in Frameworks */ = {isa = PBXBuildFile; fileRef = 1058C7A1FEA54F0111CA2CBB /* Cocoa.framework */; };
/* End PBXBuildFile section */

/* Begin PBXCopyFilesBuildPhase section */
		46F4DF9D113EDB4800ECAFE6 /* Copy Frameworks */ = {
			isa = PBXCopyFilesBuildPhase;
			buildActionMask = 2147483647;
			dstPath = "";
			dstSubfolderSpec = 10;
			files = (
			);
			name = "Copy Frameworks";
			runOnlyForDeploymentPostprocessing = 0;
		};
/* End PBXCopyFilesBuildPhase section */

/* Begin PBXFileReference section */
		089C165DFE840E0CC02AAC07 /* English */ = {isa = PBXFileReference; fileEncoding = 10; lastKnownFileType = text.plist.strings; name = English; path = English.lproj/InfoPlist.strings; sourceTree = "<group>"; };
		1058C7A1FEA54F0111CA2CBB /* Cocoa.framework */ = {isa = PBXFileReference; lastKnownFileType = wrapper.framework; name = Cocoa.framework; path = /System/Library/Frameworks/Cocoa.framework; sourceTree = "<absolute>"; };
		13E42FB307B3F0F600E4EEF1 /* CoreData.framework */ = {isa = PBXFileReference; lastKnownFileType = wrapper.framework; name = CoreData.framework; path = /System/Library/Frameworks/CoreData.framework; sourceTree = "<absolute>"; };
		29B97316FDCFA39411CA2CEA /* main.m */ = {isa = PBXFileReference; fileEncoding = 4; lastKnownFileType = sourcecode.c.objc; path = main.m; sourceTree = "<group>"; };
		29B97319FDCFA39411CA2CEA /* English */ = {isa = PBXFileReference; lastKnownFileType = wrapper.nib; name = English; path = English.lproj/MainMenu.nib; sourceTree = "<group>"; };
		29B97324FDCFA39411CA2CEA /* AppKit.framework */ = {isa = PBXFileReference; lastKnownFileType = wrapper.framework; name = AppKit.framework; path = /System/Library/Frameworks/AppKit.framework; sourceTree = "<absolute>"; };
		29B97325FDCFA39411CA2CEA /* Foundation.framework */ = {isa = PBXFileReference; lastKnownFileType = wrapper.framework; name = Foundation.framework; path = /System/Library/Frameworks/Foundation.framework; sourceTree = "<absolute>"; };
		32CA4F630368D1EE00C91783 /* TestApp_Prefix.pch */ = {isa = PBXFileReference; fileEncoding = 4; lastKnownFileType = sourcecode.c.h; path = TestApp_Prefix.pch; sourceTree = "<group>"; };
		460326091158B35F00A5554B /* IsSecureIcon.png */ = {isa = PBXFileReference; lastKnownFileType = image.png; path = IsSecureIcon.png; sourceTree = "<group>"; };
		460C4B35172ECAF800E97DF9 /* Security.framework */ = {isa = PBXFileReference; lastKnownFileType = wrapper.framework; name = Security.framework; path = /System/Library/Frameworks/Security.framework; sourceTree = "<absolute>"; };
		464171E614EC085400F412CC /* FsprgEmbeddedStore.h */ = {isa = PBXFileReference; fileEncoding = 4; lastKnownFileType = sourcecode.c.h; path = FsprgEmbeddedStore.h; sourceTree = "<group>"; };
		464171E714EC085400F412CC /* FsprgEmbeddedStoreController.h */ = {isa = PBXFileReference; fileEncoding = 4; lastKnownFileType = sourcecode.c.h; path = FsprgEmbeddedStoreController.h; sourceTree = "<group>"; };
		464171E814EC085400F412CC /* FsprgEmbeddedStoreController.m */ = {isa = PBXFileReference; fileEncoding = 4; lastKnownFileType = sourcecode.c.objc; path = FsprgEmbeddedStoreController.m; sourceTree = "<group>"; };
		464171E914EC085400F412CC /* FsprgEmbeddedStoreDelegate.h */ = {isa = PBXFileReference; fileEncoding = 4; lastKnownFileType = sourcecode.c.h; path = FsprgEmbeddedStoreDelegate.h; sourceTree = "<group>"; };
		464171EA14EC085400F412CC /* FsprgOrderDocumentRepresentation.h */ = {isa = PBXFileReference; fileEncoding = 4; lastKnownFileType = sourcecode.c.h; path = FsprgOrderDocumentRepresentation.h; sourceTree = "<group>"; };
		464171EB14EC085400F412CC /* FsprgOrderDocumentRepresentation.m */ = {isa = PBXFileReference; fileEncoding = 4; lastKnownFileType = sourcecode.c.objc; path = FsprgOrderDocumentRepresentation.m; sourceTree = "<group>"; };
		464171EC14EC085400F412CC /* FsprgOrderView.h */ = {isa = PBXFileReference; fileEncoding = 4; lastKnownFileType = sourcecode.c.h; path = FsprgOrderView.h; sourceTree = "<group>"; };
		464171ED14EC085400F412CC /* FsprgOrderView.m */ = {isa = PBXFileReference; fileEncoding = 4; lastKnownFileType = sourcecode.c.objc; path = FsprgOrderView.m; sourceTree = "<group>"; };
		464171EE14EC085400F412CC /* FsprgStoreParameters.h */ = {isa = PBXFileReference; fileEncoding = 4; lastKnownFileType = sourcecode.c.h; path = FsprgStoreParameters.h; sourceTree = "<group>"; };
		464171EF14EC085400F412CC /* FsprgStoreParameters.m */ = {isa = PBXFileReference; fileEncoding = 4; lastKnownFileType = sourcecode.c.objc; path = FsprgStoreParameters.m; sourceTree = "<group>"; };
		464171F114EC085400F412CC /* FsprgFileDownload.h */ = {isa = PBXFileReference; fileEncoding = 4; lastKnownFileType = sourcecode.c.h; path = FsprgFileDownload.h; sourceTree = "<group>"; };
		464171F214EC085400F412CC /* FsprgFileDownload.m */ = {isa = PBXFileReference; fileEncoding = 4; lastKnownFileType = sourcecode.c.objc; path = FsprgFileDownload.m; sourceTree = "<group>"; };
		464171F314EC085400F412CC /* FsprgFulfillment.h */ = {isa = PBXFileReference; fileEncoding = 4; lastKnownFileType = sourcecode.c.h; path = FsprgFulfillment.h; sourceTree = "<group>"; };
		464171F414EC085400F412CC /* FsprgFulfillment.m */ = {isa = PBXFileReference; fileEncoding = 4; lastKnownFileType = sourcecode.c.objc; path = FsprgFulfillment.m; sourceTree = "<group>"; };
		464171F514EC085400F412CC /* FsprgLicense.h */ = {isa = PBXFileReference; fileEncoding = 4; lastKnownFileType = sourcecode.c.h; path = FsprgLicense.h; sourceTree = "<group>"; };
		464171F614EC085400F412CC /* FsprgLicense.m */ = {isa = PBXFileReference; fileEncoding = 4; lastKnownFileType = sourcecode.c.objc; path = FsprgLicense.m; sourceTree = "<group>"; };
		464171F714EC085400F412CC /* FsprgOrder.h */ = {isa = PBXFileReference; fileEncoding = 4; lastKnownFileType = sourcecode.c.h; path = FsprgOrder.h; sourceTree = "<group>"; };
		464171F814EC085400F412CC /* FsprgOrder.m */ = {isa = PBXFileReference; fileEncoding = 4; lastKnownFileType = sourcecode.c.objc; path = FsprgOrder.m; sourceTree = "<group>"; };
		464171F914EC085400F412CC /* FsprgOrderItem.h */ = {isa = PBXFileReference; fileEncoding = 4; lastKnownFileType = sourcecode.c.h; path = FsprgOrderItem.h; sourceTree = "<group>"; };
		464171FA14EC085400F412CC /* FsprgOrderItem.m */ = {isa = PBXFileReference; fileEncoding = 4; lastKnownFileType = sourcecode.c.objc; path = FsprgOrderItem.m; sourceTree = "<group>"; };
		4641721B14EC08E900F412CC /* WebKit.framework */ = {isa = PBXFileReference; lastKnownFileType = wrapper.framework; name = WebKit.framework; path = /System/Library/Frameworks/WebKit.framework; sourceTree = "<absolute>"; };
		4684D94C114A31F300CFE920 /* APPL.icns */ = {isa = PBXFileReference; lastKnownFileType = image.icns; path = APPL.icns; sourceTree = "<group>"; };
		46886FB011481087000BC887 /* OrderView.h */ = {isa = PBXFileReference; fileEncoding = 4; lastKnownFileType = sourcecode.c.h; path = OrderView.h; sourceTree = "<group>"; };
		46886FB111481087000BC887 /* OrderView.m */ = {isa = PBXFileReference; fileEncoding = 4; lastKnownFileType = sourcecode.c.objc; path = OrderView.m; sourceTree = "<group>"; };
		46CB777613F53A9000C768F5 /* toolbarPreview.png */ = {isa = PBXFileReference; lastKnownFileType = image.png; path = toolbarPreview.png; sourceTree = "<group>"; };
		46F4DFB5113EDD7C00ECAFE6 /* AppController.h */ = {isa = PBXFileReference; fileEncoding = 4; lastKnownFileType = sourcecode.c.h; path = AppController.h; sourceTree = SOURCE_ROOT; };
		46F4DFB6113EDD7C00ECAFE6 /* AppController.m */ = {isa = PBXFileReference; fileEncoding = 4; lastKnownFileType = sourcecode.c.objc; path = AppController.m; sourceTree = SOURCE_ROOT; };
		46F4DFB7113EDD7C00ECAFE6 /* OrderViewController.h */ = {isa = PBXFileReference; fileEncoding = 4; lastKnownFileType = sourcecode.c.h; path = OrderViewController.h; sourceTree = SOURCE_ROOT; };
		46F4DFB8113EDD7C00ECAFE6 /* OrderViewController.m */ = {isa = PBXFileReference; fileEncoding = 4; lastKnownFileType = sourcecode.c.objc; path = OrderViewController.m; sourceTree = SOURCE_ROOT; };
		46F4E2591140675000ECAFE6 /* OrderView.xib */ = {isa = PBXFileReference; lastKnownFileType = file.xib; path = OrderView.xib; sourceTree = "<group>"; };
		8D1107310486CEB800E47090 /* Info.plist */ = {isa = PBXFileReference; fileEncoding = 4; lastKnownFileType = text.plist.xml; path = Info.plist; sourceTree = "<group>"; };
		8D1107320486CEB800E47090 /* TestApp.app */ = {isa = PBXFileReference; explicitFileType = wrapper.application; includeInIndex = 0; path = TestApp.app; sourceTree = BUILT_PRODUCTS_DIR; };
/* End PBXFileReference section */

/* Begin PBXFrameworksBuildPhase section */
		8D11072E0486CEB800E47090 /* Frameworks */ = {
			isa = PBXFrameworksBuildPhase;
			buildActionMask = 2147483647;
			files = (
				460C4B36172ECAF800E97DF9 /* Security.framework in Frameworks */,
				8D11072F0486CEB800E47090 /* Cocoa.framework in Frameworks */,
				4641721C14EC08E900F412CC /* WebKit.framework in Frameworks */,
			);
			runOnlyForDeploymentPostprocessing = 0;
		};
/* End PBXFrameworksBuildPhase section */

/* Begin PBXGroup section */
		080E96DDFE201D6D7F000001 /* Classes */ = {
			isa = PBXGroup;
			children = (
				46F4DFB5113EDD7C00ECAFE6 /* AppController.h */,
				46F4DFB6113EDD7C00ECAFE6 /* AppController.m */,
				46F4DFB7113EDD7C00ECAFE6 /* OrderViewController.h */,
				46F4DFB8113EDD7C00ECAFE6 /* OrderViewController.m */,
				46886FB011481087000BC887 /* OrderView.h */,
				46886FB111481087000BC887 /* OrderView.m */,
			);
			name = Classes;
			sourceTree = "<group>";
		};
		1058C7A0FEA54F0111CA2CBB /* Linked Frameworks */ = {
			isa = PBXGroup;
			children = (
				1058C7A1FEA54F0111CA2CBB /* Cocoa.framework */,
				4641721B14EC08E900F412CC /* WebKit.framework */,
				460C4B35172ECAF800E97DF9 /* Security.framework */,
			);
			name = "Linked Frameworks";
			sourceTree = "<group>";
		};
		1058C7A2FEA54F0111CA2CBB /* Other Frameworks */ = {
			isa = PBXGroup;
			children = (
				29B97324FDCFA39411CA2CEA /* AppKit.framework */,
				13E42FB307B3F0F600E4EEF1 /* CoreData.framework */,
				29B97325FDCFA39411CA2CEA /* Foundation.framework */,
			);
			name = "Other Frameworks";
			sourceTree = "<group>";
		};
		19C28FACFE9D520D11CA2CBB /* Products */ = {
			isa = PBXGroup;
			children = (
				8D1107320486CEB800E47090 /* TestApp.app */,
			);
			name = Products;
			sourceTree = "<group>";
		};
		29B97314FDCFA39411CA2CEA /* TestApp */ = {
			isa = PBXGroup;
			children = (
				080E96DDFE201D6D7F000001 /* Classes */,
				29B97315FDCFA39411CA2CEA /* Other Sources */,
				29B97317FDCFA39411CA2CEA /* Resources */,
				464171E514EC085400F412CC /* FsprgEmbeddedStore */,
				29B97323FDCFA39411CA2CEA /* Frameworks */,
				19C28FACFE9D520D11CA2CBB /* Products */,
			);
			name = TestApp;
			sourceTree = "<group>";
		};
		29B97315FDCFA39411CA2CEA /* Other Sources */ = {
			isa = PBXGroup;
			children = (
				32CA4F630368D1EE00C91783 /* TestApp_Prefix.pch */,
				29B97316FDCFA39411CA2CEA /* main.m */,
			);
			name = "Other Sources";
			sourceTree = "<group>";
		};
		29B97317FDCFA39411CA2CEA /* Resources */ = {
			isa = PBXGroup;
			children = (
				46CB777613F53A9000C768F5 /* toolbarPreview.png */,
				8D1107310486CEB800E47090 /* Info.plist */,
				089C165CFE840E0CC02AAC07 /* InfoPlist.strings */,
				29B97318FDCFA39411CA2CEA /* MainMenu.nib */,
				46F4E2591140675000ECAFE6 /* OrderView.xib */,
				4684D94C114A31F300CFE920 /* APPL.icns */,
				460326091158B35F00A5554B /* IsSecureIcon.png */,
			);
			name = Resources;
			sourceTree = "<group>";
		};
		29B97323FDCFA39411CA2CEA /* Frameworks */ = {
			isa = PBXGroup;
			children = (
				1058C7A0FEA54F0111CA2CBB /* Linked Frameworks */,
				1058C7A2FEA54F0111CA2CBB /* Other Frameworks */,
			);
			name = Frameworks;
			sourceTree = "<group>";
		};
		464171E514EC085400F412CC /* FsprgEmbeddedStore */ = {
			isa = PBXGroup;
			children = (
				464171E614EC085400F412CC /* FsprgEmbeddedStore.h */,
				464171E714EC085400F412CC /* FsprgEmbeddedStoreController.h */,
				464171E814EC085400F412CC /* FsprgEmbeddedStoreController.m */,
				464171E914EC085400F412CC /* FsprgEmbeddedStoreDelegate.h */,
				464171EA14EC085400F412CC /* FsprgOrderDocumentRepresentation.h */,
				464171EB14EC085400F412CC /* FsprgOrderDocumentRepresentation.m */,
				464171EC14EC085400F412CC /* FsprgOrderView.h */,
				464171ED14EC085400F412CC /* FsprgOrderView.m */,
				464171EE14EC085400F412CC /* FsprgStoreParameters.h */,
				464171EF14EC085400F412CC /* FsprgStoreParameters.m */,
				464171F014EC085400F412CC /* Model */,
			);
			name = FsprgEmbeddedStore;
			path = ../FsprgEmbeddedStore;
			sourceTree = "<group>";
		};
		464171F014EC085400F412CC /* Model */ = {
			isa = PBXGroup;
			children = (
				464171F114EC085400F412CC /* FsprgFileDownload.h */,
				464171F214EC085400F412CC /* FsprgFileDownload.m */,
				464171F314EC085400F412CC /* FsprgFulfillment.h */,
				464171F414EC085400F412CC /* FsprgFulfillment.m */,
				464171F514EC085400F412CC /* FsprgLicense.h */,
				464171F614EC085400F412CC /* FsprgLicense.m */,
				464171F714EC085400F412CC /* FsprgOrder.h */,
				464171F814EC085400F412CC /* FsprgOrder.m */,
				464171F914EC085400F412CC /* FsprgOrderItem.h */,
				464171FA14EC085400F412CC /* FsprgOrderItem.m */,
			);
			path = Model;
			sourceTree = "<group>";
		};
/* End PBXGroup section */

/* Begin PBXHeadersBuildPhase section */
		46F4DFB4113EDD6600ECAFE6 /* Headers */ = {
			isa = PBXHeadersBuildPhase;
			buildActionMask = 2147483647;
			files = (
				46F4DFB9113EDD7C00ECAFE6 /* AppController.h in Headers */,
				46F4DFBB113EDD7C00ECAFE6 /* OrderViewController.h in Headers */,
				46886FB211481087000BC887 /* OrderView.h in Headers */,
				4641720214EC085400F412CC /* FsprgEmbeddedStore.h in Headers */,
				4641720314EC085400F412CC /* FsprgEmbeddedStoreController.h in Headers */,
				4641720514EC085400F412CC /* FsprgEmbeddedStoreDelegate.h in Headers */,
				4641720614EC085400F412CC /* FsprgOrderDocumentRepresentation.h in Headers */,
				4641720814EC085400F412CC /* FsprgOrderView.h in Headers */,
				4641720A14EC085400F412CC /* FsprgStoreParameters.h in Headers */,
				4641720C14EC085400F412CC /* FsprgFileDownload.h in Headers */,
				4641720E14EC085400F412CC /* FsprgFulfillment.h in Headers */,
				4641721014EC085400F412CC /* FsprgLicense.h in Headers */,
				4641721214EC085400F412CC /* FsprgOrder.h in Headers */,
				4641721414EC085400F412CC /* FsprgOrderItem.h in Headers */,
			);
			runOnlyForDeploymentPostprocessing = 0;
		};
/* End PBXHeadersBuildPhase section */

/* Begin PBXNativeTarget section */
		8D1107260486CEB800E47090 /* TestApp */ = {
			isa = PBXNativeTarget;
			buildConfigurationList = C01FCF4A08A954540054247B /* Build configuration list for PBXNativeTarget "TestApp" */;
			buildPhases = (
				8D1107290486CEB800E47090 /* Resources */,
				8D11072C0486CEB800E47090 /* Sources */,
				8D11072E0486CEB800E47090 /* Frameworks */,
				46F4DF9D113EDB4800ECAFE6 /* Copy Frameworks */,
				46F4DFB4113EDD6600ECAFE6 /* Headers */,
			);
			buildRules = (
			);
			dependencies = (
			);
			name = TestApp;
			productInstallPath = "$(HOME)/Applications";
			productName = TestApp;
			productReference = 8D1107320486CEB800E47090 /* TestApp.app */;
			productType = "com.apple.product-type.application";
		};
/* End PBXNativeTarget section */

/* Begin PBXProject section */
		29B97313FDCFA39411CA2CEA /* Project object */ = {
			isa = PBXProject;
			attributes = {
				LastUpgradeCheck = 0440;
				ORGANIZATIONNAME = FastSpring;
			};
			buildConfigurationList = C01FCF4E08A954540054247B /* Build configuration list for PBXProject "TestApp" */;
			compatibilityVersion = "Xcode 3.2";
			developmentRegion = English;
			hasScannedForEncodings = 1;
			knownRegions = (
				English,
				Japanese,
				French,
				German,
			);
			mainGroup = 29B97314FDCFA39411CA2CEA /* TestApp */;
			projectDirPath = "";
			projectRoot = "";
			targets = (
				8D1107260486CEB800E47090 /* TestApp */,
			);
		};
/* End PBXProject section */

/* Begin PBXResourcesBuildPhase section */
		8D1107290486CEB800E47090 /* Resources */ = {
			isa = PBXResourcesBuildPhase;
			buildActionMask = 2147483647;
			files = (
				8D11072A0486CEB800E47090 /* MainMenu.nib in Resources */,
				8D11072B0486CEB800E47090 /* InfoPlist.strings in Resources */,
				46F4E25A1140675000ECAFE6 /* OrderView.xib in Resources */,
				4684D94D114A31F300CFE920 /* APPL.icns in Resources */,
				4603260B1158B36000A5554B /* IsSecureIcon.png in Resources */,
				46CB777713F53A9000C768F5 /* toolbarPreview.png in Resources */,
			);
			runOnlyForDeploymentPostprocessing = 0;
		};
/* End PBXResourcesBuildPhase section */

/* Begin PBXSourcesBuildPhase section */
		8D11072C0486CEB800E47090 /* Sources */ = {
			isa = PBXSourcesBuildPhase;
			buildActionMask = 2147483647;
			files = (
				8D11072D0486CEB800E47090 /* main.m in Sources */,
				46F4DFBA113EDD7C00ECAFE6 /* AppController.m in Sources */,
				46F4DFBC113EDD7C00ECAFE6 /* OrderViewController.m in Sources */,
				46886FB311481087000BC887 /* OrderView.m in Sources */,
				4641720414EC085400F412CC /* FsprgEmbeddedStoreController.m in Sources */,
				4641720714EC085400F412CC /* FsprgOrderDocumentRepresentation.m in Sources */,
				4641720914EC085400F412CC /* FsprgOrderView.m in Sources */,
				4641720B14EC085400F412CC /* FsprgStoreParameters.m in Sources */,
				4641720D14EC085400F412CC /* FsprgFileDownload.m in Sources */,
				4641720F14EC085400F412CC /* FsprgFulfillment.m in Sources */,
				4641721114EC085400F412CC /* FsprgLicense.m in Sources */,
				4641721314EC085400F412CC /* FsprgOrder.m in Sources */,
				4641721514EC085400F412CC /* FsprgOrderItem.m in Sources */,
			);
			runOnlyForDeploymentPostprocessing = 0;
		};
/* End PBXSourcesBuildPhase section */

/* Begin PBXVariantGroup section */
		089C165CFE840E0CC02AAC07 /* InfoPlist.strings */ = {
			isa = PBXVariantGroup;
			children = (
				089C165DFE840E0CC02AAC07 /* English */,
			);
			name = InfoPlist.strings;
			sourceTree = "<group>";
		};
		29B97318FDCFA39411CA2CEA /* MainMenu.nib */ = {
			isa = PBXVariantGroup;
			children = (
				29B97319FDCFA39411CA2CEA /* English */,
			);
			name = MainMenu.nib;
			sourceTree = "<group>";
		};
/* End PBXVariantGroup section */

/* Begin XCBuildConfiguration section */
		C01FCF4B08A954540054247B /* Debug */ = {
			isa = XCBuildConfiguration;
			buildSettings = {
				COMBINE_HIDPI_IMAGES = YES;
				GCC_PRECOMPILE_PREFIX_HEADER = YES;
				GCC_PREFIX_HEADER = TestApp_Prefix.pch;
				INFOPLIST_FILE = Info.plist;
				PRODUCT_NAME = TestApp;
				WRAPPER_EXTENSION = app;
			};
			name = Debug;
		};
		C01FCF4C08A954540054247B /* Release */ = {
			isa = XCBuildConfiguration;
			buildSettings = {
				COMBINE_HIDPI_IMAGES = YES;
				GCC_PRECOMPILE_PREFIX_HEADER = YES;
				GCC_PREFIX_HEADER = TestApp_Prefix.pch;
				INFOPLIST_FILE = Info.plist;
				PRODUCT_NAME = TestApp;
				WRAPPER_EXTENSION = app;
			};
			name = Release;
		};
		C01FCF4F08A954540054247B /* Debug */ = {
			isa = XCBuildConfiguration;
			buildSettings = {
				GCC_WARN_ABOUT_RETURN_TYPE = YES;
				GCC_WARN_UNUSED_VARIABLE = YES;
			};
			name = Debug;
		};
		C01FCF5008A954540054247B /* Release */ = {
			isa = XCBuildConfiguration;
			buildSettings = {
				GCC_WARN_ABOUT_RETURN_TYPE = YES;
				GCC_WARN_UNUSED_VARIABLE = YES;
			};
			name = Release;
		};
/* End XCBuildConfiguration section */

/* Begin XCConfigurationList section */
		C01FCF4A08A954540054247B /* Build configuration list for PBXNativeTarget "TestApp" */ = {
			isa = XCConfigurationList;
			buildConfigurations = (
				C01FCF4B08A954540054247B /* Debug */,
				C01FCF4C08A954540054247B /* Release */,
			);
			defaultConfigurationIsVisible = 0;
			defaultConfigurationName = Release;
		};
		C01FCF4E08A954540054247B /* Build configuration list for PBXProject "TestApp" */ = {
			isa = XCConfigurationList;
			buildConfigurations = (
				C01FCF4F08A954540054247B /* Debug */,
				C01FCF5008A954540054247B /* Release */,
			);
			defaultConfigurationIsVisible = 0;
			defaultConfigurationName = Release;
		};
/* End XCConfigurationList section */
	};
	rootObject = 29B97313FDCFA39411CA2CEA /* Project object */;
}
